
Microsoft Visual Studio Solution File, Format Version 10.00
# Visual Studio 2008
Project("{FAE04EC0-301F-11D3-BF4B-00C04F79EFBC}") = "Hasci.TestApp.IntermecImagerControls2", "IntermecControls\Hasci.TestApp.IntermecImagerControls2\Hasci.TestApp.IntermecImagerControls2.csproj", "{0B974C9C-8B7D-4DA9-BA05-3C3208858475}"
EndProject
Project("{FAE04EC0-301F-11D3-BF4B-00C04F79EFBC}") = "Hasci.TestApp.IntermecSignatureControls", "IntermecControls\Hasci.TestApp.IntermecSignatureControl\Hasci.TestApp.IntermecSignatureControls.csproj", "{1ABA136C-AFC1-4944-A7FC-A6F8127F5F7B}"
EndProject
Project("{FAE04EC0-301F-11D3-BF4B-00C04F79EFBC}") = "Hasci.TestApp.IntermecUtilityControls", "IntermecControls\Hasci.TestApp.IntermecUtility\Hasci.TestApp.IntermecUtilityControls.csproj", "{12291488-CBF1-4357-92BC-B2DE5DD65D00}"
EndProject
Project("{FAE04EC0-301F-11D3-BF4B-00C04F79EFBC}") = "HasciTestApp", "HasciTestApp\HasciTestApp.csproj", "{D592C010-826E-4350-BABB-FBC08C1B9014}"
EndProject
Project("{FAE04EC0-301F-11D3-BF4B-00C04F79EFBC}") = "KeyTools", "KeyTools\KeyTools.csproj", "{7FFEBA0C-3BFE-404D-8DA8-1C7FBB137C6F}"
EndProject
Project("{FAE04EC0-301F-11D3-BF4B-00C04F79EFBC}") = "Hasci.TestApp.IntermecPhotoControls3", "IntermecControls\Hasci.TestApp.IntermecCamera3\Hasci.TestApp.IntermecPhotoControls3.csproj", "{66EC468E-FB87-4DFC-B6A6-29695BA3F43B}"
EndProject
Project("{FAE04EC0-301F-11D3-BF4B-00C04F79EFBC}") = "Hasci.TestApp.IntermecBarcodeScanControls3", "IntermecControls\Hasci.TestApp.IntermecBarcodescanControl2\Hasci.TestApp.IntermecBarcodeScanControls3.csproj", "{B289FE06-7EFA-45DA-8A44-46D23EC15CF8}"
	ProjectSection(ProjectDependencies) = postProject
		{7FFEBA0C-3BFE-404D-8DA8-1C7FBB137C6F} = {7FFEBA0C-3BFE-404D-8DA8-1C7FBB137C6F}
	EndProjectSection
EndProject
Project("{FAE04EC0-301F-11D3-BF4B-00C04F79EFBC}") = "Hasci.DeviceControlContracts", "DeviceControlInterfaces\Hasci.DeviceControlContracts.csproj", "{E2D0FB10-7BFF-4B21-9884-B3F660665C2E}"
EndProject
Project("{FAE04EC0-301F-11D3-BF4B-00C04F79EFBC}") = "Hasci.TestApp.IntermecBarcodeScanControls4", "IntermecControls\Hasci.TestApp.IntermecBarcodescanControl4\Hasci.TestApp.IntermecBarcodeScanControls4.csproj", "{3668408C-C018-4AA1-9108-EABEBE2B1A8D}"
EndProject
Project("{FAE04EC0-301F-11D3-BF4B-00C04F79EFBC}") = "Hasci.TestApp.IntermecBarcodeScanControls5", "IntermecControls\Hasci.TestApp.IntermecBarcodescanControl5\Hasci.TestApp.IntermecBarcodeScanControls5.csproj", "{81352A41-E245-48D5-9EE9-8D85AEB42594}"
EndProject
Global
	GlobalSection(SubversionScc) = preSolution
		Svn-Managed = True
		Manager = AnkhSVN - Subversion Support for Visual Studio
	EndGlobalSection
	GlobalSection(SolutionConfigurationPlatforms) = preSolution
		Debug|Any CPU = Debug|Any CPU
		Release|Any CPU = Release|Any CPU
	EndGlobalSection
	GlobalSection(ProjectConfigurationPlatforms) = postSolution
		{0B974C9C-8B7D-4DA9-BA05-3C3208858475}.Debug|Any CPU.ActiveCfg = Debug|Any CPU
		{0B974C9C-8B7D-4DA9-BA05-3C3208858475}.Debug|Any CPU.Build.0 = Debug|Any CPU
		{0B974C9C-8B7D-4DA9-BA05-3C3208858475}.Debug|Any CPU.Deploy.0 = Debug|Any CPU
		{0B974C9C-8B7D-4DA9-BA05-3C3208858475}.Release|Any CPU.ActiveCfg = Release|Any CPU
		{0B974C9C-8B7D-4DA9-BA05-3C3208858475}.Release|Any CPU.Build.0 = Release|Any CPU
		{0B974C9C-8B7D-4DA9-BA05-3C3208858475}.Release|Any CPU.Deploy.0 = Release|Any CPU
		{1ABA136C-AFC1-4944-A7FC-A6F8127F5F7B}.Debug|Any CPU.ActiveCfg = Debug|Any CPU
		{1ABA136C-AFC1-4944-A7FC-A6F8127F5F7B}.Debug|Any CPU.Build.0 = Debug|Any CPU
		{1ABA136C-AFC1-4944-A7FC-A6F8127F5F7B}.Debug|Any CPU.Deploy.0 = Debug|Any CPU
		{1ABA136C-AFC1-4944-A7FC-A6F8127F5F7B}.Release|Any CPU.ActiveCfg = Release|Any CPU
		{1ABA136C-AFC1-4944-A7FC-A6F8127F5F7B}.Release|Any CPU.Build.0 = Release|Any CPU
		{1ABA136C-AFC1-4944-A7FC-A6F8127F5F7B}.Release|Any CPU.Deploy.0 = Release|Any CPU
		{12291488-CBF1-4357-92BC-B2DE5DD65D00}.Debug|Any CPU.ActiveCfg = Debug|Any CPU
		{12291488-CBF1-4357-92BC-B2DE5DD65D00}.Debug|Any CPU.Build.0 = Debug|Any CPU
		{12291488-CBF1-4357-92BC-B2DE5DD65D00}.Debug|Any CPU.Deploy.0 = Debug|Any CPU
		{12291488-CBF1-4357-92BC-B2DE5DD65D00}.Release|Any CPU.ActiveCfg = Release|Any CPU
		{12291488-CBF1-4357-92BC-B2DE5DD65D00}.Release|Any CPU.Build.0 = Release|Any CPU
		{12291488-CBF1-4357-92BC-B2DE5DD65D00}.Release|Any CPU.Deploy.0 = Release|Any CPU
		{D592C010-826E-4350-BABB-FBC08C1B9014}.Debug|Any CPU.ActiveCfg = Debug|Any CPU
		{D592C010-826E-4350-BABB-FBC08C1B9014}.Debug|Any CPU.Build.0 = Debug|Any CPU
		{D592C010-826E-4350-BABB-FBC08C1B9014}.Debug|Any CPU.Deploy.0 = Debug|Any CPU
		{D592C010-826E-4350-BABB-FBC08C1B9014}.Release|Any CPU.ActiveCfg = Release|Any CPU
		{D592C010-826E-4350-BABB-FBC08C1B9014}.Release|Any CPU.Build.0 = Release|Any CPU
		{D592C010-826E-4350-BABB-FBC08C1B9014}.Release|Any CPU.Deploy.0 = Release|Any CPU
		{7FFEBA0C-3BFE-404D-8DA8-1C7FBB137C6F}.Debug|Any CPU.ActiveCfg = Debug|Any CPU
		{7FFEBA0C-3BFE-404D-8DA8-1C7FBB137C6F}.Debug|Any CPU.Build.0 = Debug|Any CPU
		{7FFEBA0C-3BFE-404D-8DA8-1C7FBB137C6F}.Debug|Any CPU.Deploy.0 = Debug|Any CPU
		{7FFEBA0C-3BFE-404D-8DA8-1C7FBB137C6F}.Release|Any CPU.ActiveCfg = Release|Any CPU
		{7FFEBA0C-3BFE-404D-8DA8-1C7FBB137C6F}.Release|Any CPU.Build.0 = Release|Any CPU
		{7FFEBA0C-3BFE-404D-8DA8-1C7FBB137C6F}.Release|Any CPU.Deploy.0 = Release|Any CPU
		{66EC468E-FB87-4DFC-B6A6-29695BA3F43B}.Debug|Any CPU.ActiveCfg = Debug|Any CPU
		{66EC468E-FB87-4DFC-B6A6-29695BA3F43B}.Debug|Any CPU.Build.0 = Debug|Any CPU
		{66EC468E-FB87-4DFC-B6A6-29695BA3F43B}.Debug|Any CPU.Deploy.0 = Debug|Any CPU
		{66EC468E-FB87-4DFC-B6A6-29695BA3F43B}.Release|Any CPU.ActiveCfg = Release|Any CPU
		{66EC468E-FB87-4DFC-B6A6-29695BA3F43B}.Release|Any CPU.Build.0 = Release|Any CPU
		{66EC468E-FB87-4DFC-B6A6-29695BA3F43B}.Release|Any CPU.Deploy.0 = Release|Any CPU
		{B289FE06-7EFA-45DA-8A44-46D23EC15CF8}.Debug|Any CPU.ActiveCfg = Debug|Any CPU
		{B289FE06-7EFA-45DA-8A44-46D23EC15CF8}.Release|Any CPU.ActiveCfg = Release|Any CPU
		{E2D0FB10-7BFF-4B21-9884-B3F660665C2E}.Debug|Any CPU.ActiveCfg = Debug|Any CPU
		{E2D0FB10-7BFF-4B21-9884-B3F660665C2E}.Debug|Any CPU.Build.0 = Debug|Any CPU
		{E2D0FB10-7BFF-4B21-9884-B3F660665C2E}.Debug|Any CPU.Deploy.0 = Debug|Any CPU
		{E2D0FB10-7BFF-4B21-9884-B3F660665C2E}.Release|Any CPU.ActiveCfg = Release|Any CPU
		{E2D0FB10-7BFF-4B21-9884-B3F660665C2E}.Release|Any CPU.Build.0 = Release|Any CPU
		{E2D0FB10-7BFF-4B21-9884-B3F660665C2E}.Release|Any CPU.Deploy.0 = Release|Any CPU
		{3668408C-C018-4AA1-9108-EABEBE2B1A8D}.Debug|Any CPU.ActiveCfg = Debug|Any CPU
		{3668408C-C018-4AA1-9108-EABEBE2B1A8D}.Release|Any CPU.ActiveCfg = Release|Any CPU
		{81352A41-E245-48D5-9EE9-8D85AEB42594}.Debug|Any CPU.ActiveCfg = Debug|Any CPU
		{81352A41-E245-48D5-9EE9-8D85AEB42594}.Debug|Any CPU.Build.0 = Debug|Any CPU
		{81352A41-E245-48D5-9EE9-8D85AEB42594}.Debug|Any CPU.Deploy.0 = Debug|Any CPU
		{81352A41-E245-48D5-9EE9-8D85AEB42594}.Release|Any CPU.ActiveCfg = Release|Any CPU
		{81352A41-E245-48D5-9EE9-8D85AEB42594}.Release|Any CPU.Build.0 = Release|Any CPU
		{81352A41-E245-48D5-9EE9-8D85AEB42594}.Release|Any CPU.Deploy.0 = Release|Any CPU
	EndGlobalSection
	GlobalSection(SolutionProperties) = preSolution
		HideSolutionNode = FALSE
	EndGlobalSection
EndGlobal
