
Microsoft Visual Studio Solution File, Format Version 10.00
# Visual Studio 2008
Project("{FAE04EC0-301F-11D3-BF4B-00C04F79EFBC}") = "Hasci.TestApp.IntermecBarcodeScanControls", "IntermecControls\Hasci.TestApp.IntermecBarcodescanControl\Hasci.TestApp.IntermecBarcodeScanControls.csproj", "{6B4DFD5D-4DD6-4C42-BF67-0F9DD3C71EA4}"
EndProject
Project("{FAE04EC0-301F-11D3-BF4B-00C04F79EFBC}") = "Hasci.TestApp.IntermecPhotoControls", "IntermecControls\Hasci.TestApp.IntermecCamera\Hasci.TestApp.IntermecPhotoControls.csproj", "{7F4335F7-C74B-4B5D-AD64-E0D35267615D}"
EndProject
Project("{FAE04EC0-301F-11D3-BF4B-00C04F79EFBC}") = "Hasci.TestApp.IntermecImagerControls2", "IntermecControls\Hasci.TestApp.IntermecImagerControls2\Hasci.TestApp.IntermecImagerControls2.csproj", "{0B974C9C-8B7D-4DA9-BA05-3C3208858475}"
EndProject
Project("{FAE04EC0-301F-11D3-BF4B-00C04F79EFBC}") = "Hasci.TestApp.IntermecSignatureControls", "IntermecControls\Hasci.TestApp.IntermecSignatureControl\Hasci.TestApp.IntermecSignatureControls.csproj", "{1ABA136C-AFC1-4944-A7FC-A6F8127F5F7B}"
EndProject
Project("{FAE04EC0-301F-11D3-BF4B-00C04F79EFBC}") = "Hasci.TestApp.IntermecUtilityControls", "IntermecControls\Hasci.TestApp.IntermecUtility\Hasci.TestApp.IntermecUtilityControls.csproj", "{12291488-CBF1-4357-92BC-B2DE5DD65D00}"
EndProject
Project("{FAE04EC0-301F-11D3-BF4B-00C04F79EFBC}") = "HasciTestApp", "HasciTestApp\HasciTestApp.csproj", "{D592C010-826E-4350-BABB-FBC08C1B9014}"
EndProject
Global
	GlobalSection(SubversionScc) = preSolution
		Svn-Managed = True
		Manager = AnkhSVN - Subversion Support for Visual Studio
	EndGlobalSection
	GlobalSection(SolutionConfigurationPlatforms) = preSolution
		Debug|Any CPU = Debug|Any CPU
		Release|Any CPU = Release|Any CPU
	EndGlobalSection
	GlobalSection(ProjectConfigurationPlatforms) = postSolution
		{6B4DFD5D-4DD6-4C42-BF67-0F9DD3C71EA4}.Debug|Any CPU.ActiveCfg = Debug|Any CPU
		{6B4DFD5D-4DD6-4C42-BF67-0F9DD3C71EA4}.Debug|Any CPU.Build.0 = Debug|Any CPU
		{6B4DFD5D-4DD6-4C42-BF67-0F9DD3C71EA4}.Debug|Any CPU.Deploy.0 = Debug|Any CPU
		{6B4DFD5D-4DD6-4C42-BF67-0F9DD3C71EA4}.Release|Any CPU.ActiveCfg = Release|Any CPU
		{6B4DFD5D-4DD6-4C42-BF67-0F9DD3C71EA4}.Release|Any CPU.Build.0 = Release|Any CPU
		{7F4335F7-C74B-4B5D-AD64-E0D35267615D}.Debug|Any CPU.ActiveCfg = Debug|Any CPU
		{7F4335F7-C74B-4B5D-AD64-E0D35267615D}.Debug|Any CPU.Build.0 = Debug|Any CPU
		{7F4335F7-C74B-4B5D-AD64-E0D35267615D}.Debug|Any CPU.Deploy.0 = Debug|Any CPU
		{7F4335F7-C74B-4B5D-AD64-E0D35267615D}.Release|Any CPU.ActiveCfg = Release|Any CPU
		{7F4335F7-C74B-4B5D-AD64-E0D35267615D}.Release|Any CPU.Build.0 = Release|Any CPU
		{0B974C9C-8B7D-4DA9-BA05-3C3208858475}.Debug|Any CPU.ActiveCfg = Debug|Any CPU
		{0B974C9C-8B7D-4DA9-BA05-3C3208858475}.Debug|Any CPU.Build.0 = Debug|Any CPU
		{0B974C9C-8B7D-4DA9-BA05-3C3208858475}.Debug|Any CPU.Deploy.0 = Debug|Any CPU
		{0B974C9C-8B7D-4DA9-BA05-3C3208858475}.Release|Any CPU.ActiveCfg = Release|Any CPU
		{0B974C9C-8B7D-4DA9-BA05-3C3208858475}.Release|Any CPU.Build.0 = Release|Any CPU
		{1ABA136C-AFC1-4944-A7FC-A6F8127F5F7B}.Debug|Any CPU.ActiveCfg = Debug|Any CPU
		{1ABA136C-AFC1-4944-A7FC-A6F8127F5F7B}.Debug|Any CPU.Build.0 = Debug|Any CPU
		{1ABA136C-AFC1-4944-A7FC-A6F8127F5F7B}.Debug|Any CPU.Deploy.0 = Debug|Any CPU
		{1ABA136C-AFC1-4944-A7FC-A6F8127F5F7B}.Release|Any CPU.ActiveCfg = Release|Any CPU
		{1ABA136C-AFC1-4944-A7FC-A6F8127F5F7B}.Release|Any CPU.Build.0 = Release|Any CPU
		{12291488-CBF1-4357-92BC-B2DE5DD65D00}.Debug|Any CPU.ActiveCfg = Debug|Any CPU
		{12291488-CBF1-4357-92BC-B2DE5DD65D00}.Debug|Any CPU.Build.0 = Debug|Any CPU
		{12291488-CBF1-4357-92BC-B2DE5DD65D00}.Debug|Any CPU.Deploy.0 = Debug|Any CPU
		{12291488-CBF1-4357-92BC-B2DE5DD65D00}.Release|Any CPU.ActiveCfg = Release|Any CPU
		{12291488-CBF1-4357-92BC-B2DE5DD65D00}.Release|Any CPU.Build.0 = Release|Any CPU
		{D592C010-826E-4350-BABB-FBC08C1B9014}.Debug|Any CPU.ActiveCfg = Debug|Any CPU
		{D592C010-826E-4350-BABB-FBC08C1B9014}.Debug|Any CPU.Build.0 = Debug|Any CPU
		{D592C010-826E-4350-BABB-FBC08C1B9014}.Debug|Any CPU.Deploy.0 = Debug|Any CPU
		{D592C010-826E-4350-BABB-FBC08C1B9014}.Release|Any CPU.ActiveCfg = Release|Any CPU
		{D592C010-826E-4350-BABB-FBC08C1B9014}.Release|Any CPU.Build.0 = Release|Any CPU
		{D592C010-826E-4350-BABB-FBC08C1B9014}.Release|Any CPU.Deploy.0 = Release|Any CPU
	EndGlobalSection
	GlobalSection(SolutionProperties) = preSolution
		HideSolutionNode = FALSE
	EndGlobalSection
EndGlobal
