
Microsoft Visual Studio Solution File, Format Version 10.00
# Visual Studio 2008
Project("{FAE04EC0-301F-11D3-BF4B-00C04F79EFBC}") = "Hasci.TestApp.IntermecBarcodeScanControls", "IntermecControls\Hasci.TestApp.IntermecBarcodescanControl\Hasci.TestApp.IntermecBarcodeScanControls.csproj", "{6B4DFD5D-4DD6-4C42-BF67-0F9DD3C71EA4}"
EndProject
Project("{FAE04EC0-301F-11D3-BF4B-00C04F79EFBC}") = "Hasci.TestApp.IntermecPhotoControls", "IntermecControls\Hasci.TestApp.IntermecCamera\Hasci.TestApp.IntermecPhotoControls.csproj", "{7F4335F7-C74B-4B5D-AD64-E0D35267615D}"
EndProject
Project("{FAE04EC0-301F-11D3-BF4B-00C04F79EFBC}") = "Hasci.TestApp.IntermecImagerControls2", "IntermecControls\Hasci.TestApp.IntermecImagerControls2\Hasci.TestApp.IntermecImagerControls2.csproj", "{0B974C9C-8B7D-4DA9-BA05-3C3208858475}"
EndProject
Project("{FAE04EC0-301F-11D3-BF4B-00C04F79EFBC}") = "Hasci.TestApp.IntermecSignatureControls", "IntermecControls\Hasci.TestApp.IntermecSignatureControl\Hasci.TestApp.IntermecSignatureControls.csproj", "{1ABA136C-AFC1-4944-A7FC-A6F8127F5F7B}"
EndProject
Project("{FAE04EC0-301F-11D3-BF4B-00C04F79EFBC}") = "Hasci.TestApp.IntermecUtilityControls", "IntermecControls\Hasci.TestApp.IntermecUtility\Hasci.TestApp.IntermecUtilityControls.csproj", "{12291488-CBF1-4357-92BC-B2DE5DD65D00}"
EndProject
Project("{FAE04EC0-301F-11D3-BF4B-00C04F79EFBC}") = "HasciTestApp", "HasciTestApp\HasciTestApp.csproj", "{D592C010-826E-4350-BABB-FBC08C1B9014}"
EndProject
Project("{FAE04EC0-301F-11D3-BF4B-00C04F79EFBC}") = "Hasci.TestApp.IntermecPhotoControls2", "IntermecControls\Hasci.TestApp.IntermecCamera2\Hasci.TestApp.IntermecPhotoControls2.csproj", "{0D080EE3-E737-4388-8661-8344667BAB16}"
EndProject
Project("{8BC9CEB8-8B4A-11D0-8D11-00A0C91BC942}") = "KeyMapImport", "KeyMapImport\KeyMapImport.vcproj", "{FA7C094A-179F-42BB-B2DB-25569450592D}"
EndProject
Global
	GlobalSection(SubversionScc) = preSolution
		Svn-Managed = True
		Manager = AnkhSVN - Subversion Support for Visual Studio
	EndGlobalSection
	GlobalSection(SolutionConfigurationPlatforms) = preSolution
		Debug|Any CPU = Debug|Any CPU
		Debug|iCE-Premium (ARMV4I) = Debug|iCE-Premium (ARMV4I)
		Debug|Mixed Platforms = Debug|Mixed Platforms
		Debug|Pocket PC 2003 (ARMV4) = Debug|Pocket PC 2003 (ARMV4)
		Debug|Smartphone 2003 (ARMV4) = Debug|Smartphone 2003 (ARMV4)
		Debug|STANDARDSDK_420 (ARMV4I) = Debug|STANDARDSDK_420 (ARMV4I)
		Debug|STANDARDSDK_500 (ARMV4I) = Debug|STANDARDSDK_500 (ARMV4I)
		Debug|Windows Mobile 5.0 Pocket PC SDK (ARMV4I) = Debug|Windows Mobile 5.0 Pocket PC SDK (ARMV4I)
		Debug|Windows Mobile 5.0 Smartphone SDK (ARMV4I) = Debug|Windows Mobile 5.0 Smartphone SDK (ARMV4I)
		Debug|Windows Mobile 6 Professional SDK (ARMV4I) = Debug|Windows Mobile 6 Professional SDK (ARMV4I)
		Debug|Windows Mobile 6 Standard SDK (ARMV4I) = Debug|Windows Mobile 6 Standard SDK (ARMV4I)
		Debug|Windows Mobile 6.5.3 Professional DTK (ARMV4I) = Debug|Windows Mobile 6.5.3 Professional DTK (ARMV4I)
		KeymapDebug|Any CPU = KeymapDebug|Any CPU
		KeymapDebug|iCE-Premium (ARMV4I) = KeymapDebug|iCE-Premium (ARMV4I)
		KeymapDebug|Mixed Platforms = KeymapDebug|Mixed Platforms
		KeymapDebug|Pocket PC 2003 (ARMV4) = KeymapDebug|Pocket PC 2003 (ARMV4)
		KeymapDebug|Smartphone 2003 (ARMV4) = KeymapDebug|Smartphone 2003 (ARMV4)
		KeymapDebug|STANDARDSDK_420 (ARMV4I) = KeymapDebug|STANDARDSDK_420 (ARMV4I)
		KeymapDebug|STANDARDSDK_500 (ARMV4I) = KeymapDebug|STANDARDSDK_500 (ARMV4I)
		KeymapDebug|Windows Mobile 5.0 Pocket PC SDK (ARMV4I) = KeymapDebug|Windows Mobile 5.0 Pocket PC SDK (ARMV4I)
		KeymapDebug|Windows Mobile 5.0 Smartphone SDK (ARMV4I) = KeymapDebug|Windows Mobile 5.0 Smartphone SDK (ARMV4I)
		KeymapDebug|Windows Mobile 6 Professional SDK (ARMV4I) = KeymapDebug|Windows Mobile 6 Professional SDK (ARMV4I)
		KeymapDebug|Windows Mobile 6 Standard SDK (ARMV4I) = KeymapDebug|Windows Mobile 6 Standard SDK (ARMV4I)
		KeymapDebug|Windows Mobile 6.5.3 Professional DTK (ARMV4I) = KeymapDebug|Windows Mobile 6.5.3 Professional DTK (ARMV4I)
		KeyMapRelease|Any CPU = KeyMapRelease|Any CPU
		KeyMapRelease|iCE-Premium (ARMV4I) = KeyMapRelease|iCE-Premium (ARMV4I)
		KeyMapRelease|Mixed Platforms = KeyMapRelease|Mixed Platforms
		KeyMapRelease|Pocket PC 2003 (ARMV4) = KeyMapRelease|Pocket PC 2003 (ARMV4)
		KeyMapRelease|Smartphone 2003 (ARMV4) = KeyMapRelease|Smartphone 2003 (ARMV4)
		KeyMapRelease|STANDARDSDK_420 (ARMV4I) = KeyMapRelease|STANDARDSDK_420 (ARMV4I)
		KeyMapRelease|STANDARDSDK_500 (ARMV4I) = KeyMapRelease|STANDARDSDK_500 (ARMV4I)
		KeyMapRelease|Windows Mobile 5.0 Pocket PC SDK (ARMV4I) = KeyMapRelease|Windows Mobile 5.0 Pocket PC SDK (ARMV4I)
		KeyMapRelease|Windows Mobile 5.0 Smartphone SDK (ARMV4I) = KeyMapRelease|Windows Mobile 5.0 Smartphone SDK (ARMV4I)
		KeyMapRelease|Windows Mobile 6 Professional SDK (ARMV4I) = KeyMapRelease|Windows Mobile 6 Professional SDK (ARMV4I)
		KeyMapRelease|Windows Mobile 6 Standard SDK (ARMV4I) = KeyMapRelease|Windows Mobile 6 Standard SDK (ARMV4I)
		KeyMapRelease|Windows Mobile 6.5.3 Professional DTK (ARMV4I) = KeyMapRelease|Windows Mobile 6.5.3 Professional DTK (ARMV4I)
		Release|Any CPU = Release|Any CPU
		Release|iCE-Premium (ARMV4I) = Release|iCE-Premium (ARMV4I)
		Release|Mixed Platforms = Release|Mixed Platforms
		Release|Pocket PC 2003 (ARMV4) = Release|Pocket PC 2003 (ARMV4)
		Release|Smartphone 2003 (ARMV4) = Release|Smartphone 2003 (ARMV4)
		Release|STANDARDSDK_420 (ARMV4I) = Release|STANDARDSDK_420 (ARMV4I)
		Release|STANDARDSDK_500 (ARMV4I) = Release|STANDARDSDK_500 (ARMV4I)
		Release|Windows Mobile 5.0 Pocket PC SDK (ARMV4I) = Release|Windows Mobile 5.0 Pocket PC SDK (ARMV4I)
		Release|Windows Mobile 5.0 Smartphone SDK (ARMV4I) = Release|Windows Mobile 5.0 Smartphone SDK (ARMV4I)
		Release|Windows Mobile 6 Professional SDK (ARMV4I) = Release|Windows Mobile 6 Professional SDK (ARMV4I)
		Release|Windows Mobile 6 Standard SDK (ARMV4I) = Release|Windows Mobile 6 Standard SDK (ARMV4I)
		Release|Windows Mobile 6.5.3 Professional DTK (ARMV4I) = Release|Windows Mobile 6.5.3 Professional DTK (ARMV4I)
	EndGlobalSection
	GlobalSection(ProjectConfigurationPlatforms) = postSolution
		{6B4DFD5D-4DD6-4C42-BF67-0F9DD3C71EA4}.Debug|Any CPU.ActiveCfg = Debug|Any CPU
		{6B4DFD5D-4DD6-4C42-BF67-0F9DD3C71EA4}.Debug|Any CPU.Build.0 = Debug|Any CPU
		{6B4DFD5D-4DD6-4C42-BF67-0F9DD3C71EA4}.Debug|Any CPU.Deploy.0 = Debug|Any CPU
		{6B4DFD5D-4DD6-4C42-BF67-0F9DD3C71EA4}.Debug|iCE-Premium (ARMV4I).ActiveCfg = Debug|Any CPU
		{6B4DFD5D-4DD6-4C42-BF67-0F9DD3C71EA4}.Debug|Mixed Platforms.ActiveCfg = Debug|Any CPU
		{6B4DFD5D-4DD6-4C42-BF67-0F9DD3C71EA4}.Debug|Mixed Platforms.Build.0 = Debug|Any CPU
		{6B4DFD5D-4DD6-4C42-BF67-0F9DD3C71EA4}.Debug|Pocket PC 2003 (ARMV4).ActiveCfg = Debug|Any CPU
		{6B4DFD5D-4DD6-4C42-BF67-0F9DD3C71EA4}.Debug|Smartphone 2003 (ARMV4).ActiveCfg = Debug|Any CPU
		{6B4DFD5D-4DD6-4C42-BF67-0F9DD3C71EA4}.Debug|STANDARDSDK_420 (ARMV4I).ActiveCfg = Debug|Any CPU
		{6B4DFD5D-4DD6-4C42-BF67-0F9DD3C71EA4}.Debug|STANDARDSDK_500 (ARMV4I).ActiveCfg = Debug|Any CPU
		{6B4DFD5D-4DD6-4C42-BF67-0F9DD3C71EA4}.Debug|Windows Mobile 5.0 Pocket PC SDK (ARMV4I).ActiveCfg = Debug|Any CPU
		{6B4DFD5D-4DD6-4C42-BF67-0F9DD3C71EA4}.Debug|Windows Mobile 5.0 Smartphone SDK (ARMV4I).ActiveCfg = Debug|Any CPU
		{6B4DFD5D-4DD6-4C42-BF67-0F9DD3C71EA4}.Debug|Windows Mobile 6 Professional SDK (ARMV4I).ActiveCfg = Debug|Any CPU
		{6B4DFD5D-4DD6-4C42-BF67-0F9DD3C71EA4}.Debug|Windows Mobile 6 Standard SDK (ARMV4I).ActiveCfg = Debug|Any CPU
		{6B4DFD5D-4DD6-4C42-BF67-0F9DD3C71EA4}.Debug|Windows Mobile 6.5.3 Professional DTK (ARMV4I).ActiveCfg = Debug|Any CPU
		{6B4DFD5D-4DD6-4C42-BF67-0F9DD3C71EA4}.KeymapDebug|Any CPU.ActiveCfg = KeymapDebug|Any CPU
		{6B4DFD5D-4DD6-4C42-BF67-0F9DD3C71EA4}.KeymapDebug|Any CPU.Build.0 = KeymapDebug|Any CPU
		{6B4DFD5D-4DD6-4C42-BF67-0F9DD3C71EA4}.KeymapDebug|iCE-Premium (ARMV4I).ActiveCfg = KeymapDebug|Any CPU
		{6B4DFD5D-4DD6-4C42-BF67-0F9DD3C71EA4}.KeymapDebug|Mixed Platforms.ActiveCfg = KeymapDebug|Any CPU
		{6B4DFD5D-4DD6-4C42-BF67-0F9DD3C71EA4}.KeymapDebug|Pocket PC 2003 (ARMV4).ActiveCfg = KeymapDebug|Any CPU
		{6B4DFD5D-4DD6-4C42-BF67-0F9DD3C71EA4}.KeymapDebug|Smartphone 2003 (ARMV4).ActiveCfg = KeymapDebug|Any CPU
		{6B4DFD5D-4DD6-4C42-BF67-0F9DD3C71EA4}.KeymapDebug|STANDARDSDK_420 (ARMV4I).ActiveCfg = KeymapDebug|Any CPU
		{6B4DFD5D-4DD6-4C42-BF67-0F9DD3C71EA4}.KeymapDebug|STANDARDSDK_500 (ARMV4I).ActiveCfg = KeymapDebug|Any CPU
		{6B4DFD5D-4DD6-4C42-BF67-0F9DD3C71EA4}.KeymapDebug|Windows Mobile 5.0 Pocket PC SDK (ARMV4I).ActiveCfg = KeymapDebug|Any CPU
		{6B4DFD5D-4DD6-4C42-BF67-0F9DD3C71EA4}.KeymapDebug|Windows Mobile 5.0 Smartphone SDK (ARMV4I).ActiveCfg = KeymapDebug|Any CPU
		{6B4DFD5D-4DD6-4C42-BF67-0F9DD3C71EA4}.KeymapDebug|Windows Mobile 6 Professional SDK (ARMV4I).ActiveCfg = KeymapDebug|Any CPU
		{6B4DFD5D-4DD6-4C42-BF67-0F9DD3C71EA4}.KeymapDebug|Windows Mobile 6 Standard SDK (ARMV4I).ActiveCfg = KeymapDebug|Any CPU
		{6B4DFD5D-4DD6-4C42-BF67-0F9DD3C71EA4}.KeymapDebug|Windows Mobile 6.5.3 Professional DTK (ARMV4I).ActiveCfg = KeymapDebug|Any CPU
		{6B4DFD5D-4DD6-4C42-BF67-0F9DD3C71EA4}.KeyMapRelease|Any CPU.ActiveCfg = KeyMapRelease|Any CPU
		{6B4DFD5D-4DD6-4C42-BF67-0F9DD3C71EA4}.KeyMapRelease|Any CPU.Build.0 = KeyMapRelease|Any CPU
		{6B4DFD5D-4DD6-4C42-BF67-0F9DD3C71EA4}.KeyMapRelease|iCE-Premium (ARMV4I).ActiveCfg = KeyMapRelease|Any CPU
		{6B4DFD5D-4DD6-4C42-BF67-0F9DD3C71EA4}.KeyMapRelease|Mixed Platforms.ActiveCfg = KeyMapRelease|Any CPU
		{6B4DFD5D-4DD6-4C42-BF67-0F9DD3C71EA4}.KeyMapRelease|Pocket PC 2003 (ARMV4).ActiveCfg = KeyMapRelease|Any CPU
		{6B4DFD5D-4DD6-4C42-BF67-0F9DD3C71EA4}.KeyMapRelease|Smartphone 2003 (ARMV4).ActiveCfg = KeyMapRelease|Any CPU
		{6B4DFD5D-4DD6-4C42-BF67-0F9DD3C71EA4}.KeyMapRelease|STANDARDSDK_420 (ARMV4I).ActiveCfg = KeyMapRelease|Any CPU
		{6B4DFD5D-4DD6-4C42-BF67-0F9DD3C71EA4}.KeyMapRelease|STANDARDSDK_500 (ARMV4I).ActiveCfg = KeyMapRelease|Any CPU
		{6B4DFD5D-4DD6-4C42-BF67-0F9DD3C71EA4}.KeyMapRelease|Windows Mobile 5.0 Pocket PC SDK (ARMV4I).ActiveCfg = KeyMapRelease|Any CPU
		{6B4DFD5D-4DD6-4C42-BF67-0F9DD3C71EA4}.KeyMapRelease|Windows Mobile 5.0 Smartphone SDK (ARMV4I).ActiveCfg = KeyMapRelease|Any CPU
		{6B4DFD5D-4DD6-4C42-BF67-0F9DD3C71EA4}.KeyMapRelease|Windows Mobile 6 Professional SDK (ARMV4I).ActiveCfg = KeyMapRelease|Any CPU
		{6B4DFD5D-4DD6-4C42-BF67-0F9DD3C71EA4}.KeyMapRelease|Windows Mobile 6 Standard SDK (ARMV4I).ActiveCfg = KeyMapRelease|Any CPU
		{6B4DFD5D-4DD6-4C42-BF67-0F9DD3C71EA4}.KeyMapRelease|Windows Mobile 6.5.3 Professional DTK (ARMV4I).ActiveCfg = KeyMapRelease|Any CPU
		{6B4DFD5D-4DD6-4C42-BF67-0F9DD3C71EA4}.Release|Any CPU.ActiveCfg = Release|Any CPU
		{6B4DFD5D-4DD6-4C42-BF67-0F9DD3C71EA4}.Release|Any CPU.Build.0 = Release|Any CPU
		{6B4DFD5D-4DD6-4C42-BF67-0F9DD3C71EA4}.Release|Any CPU.Deploy.0 = Release|Any CPU
		{6B4DFD5D-4DD6-4C42-BF67-0F9DD3C71EA4}.Release|iCE-Premium (ARMV4I).ActiveCfg = Release|Any CPU
		{6B4DFD5D-4DD6-4C42-BF67-0F9DD3C71EA4}.Release|Mixed Platforms.ActiveCfg = Release|Any CPU
		{6B4DFD5D-4DD6-4C42-BF67-0F9DD3C71EA4}.Release|Mixed Platforms.Build.0 = Release|Any CPU
		{6B4DFD5D-4DD6-4C42-BF67-0F9DD3C71EA4}.Release|Pocket PC 2003 (ARMV4).ActiveCfg = Release|Any CPU
		{6B4DFD5D-4DD6-4C42-BF67-0F9DD3C71EA4}.Release|Smartphone 2003 (ARMV4).ActiveCfg = Release|Any CPU
		{6B4DFD5D-4DD6-4C42-BF67-0F9DD3C71EA4}.Release|STANDARDSDK_420 (ARMV4I).ActiveCfg = Release|Any CPU
		{6B4DFD5D-4DD6-4C42-BF67-0F9DD3C71EA4}.Release|STANDARDSDK_500 (ARMV4I).ActiveCfg = Release|Any CPU
		{6B4DFD5D-4DD6-4C42-BF67-0F9DD3C71EA4}.Release|Windows Mobile 5.0 Pocket PC SDK (ARMV4I).ActiveCfg = Release|Any CPU
		{6B4DFD5D-4DD6-4C42-BF67-0F9DD3C71EA4}.Release|Windows Mobile 5.0 Smartphone SDK (ARMV4I).ActiveCfg = Release|Any CPU
		{6B4DFD5D-4DD6-4C42-BF67-0F9DD3C71EA4}.Release|Windows Mobile 6 Professional SDK (ARMV4I).ActiveCfg = Release|Any CPU
		{6B4DFD5D-4DD6-4C42-BF67-0F9DD3C71EA4}.Release|Windows Mobile 6 Standard SDK (ARMV4I).ActiveCfg = Release|Any CPU
		{6B4DFD5D-4DD6-4C42-BF67-0F9DD3C71EA4}.Release|Windows Mobile 6.5.3 Professional DTK (ARMV4I).ActiveCfg = Release|Any CPU
		{7F4335F7-C74B-4B5D-AD64-E0D35267615D}.Debug|Any CPU.ActiveCfg = Debug|Any CPU
		{7F4335F7-C74B-4B5D-AD64-E0D35267615D}.Debug|iCE-Premium (ARMV4I).ActiveCfg = Debug|Any CPU
		{7F4335F7-C74B-4B5D-AD64-E0D35267615D}.Debug|Mixed Platforms.ActiveCfg = Debug|Any CPU
		{7F4335F7-C74B-4B5D-AD64-E0D35267615D}.Debug|Mixed Platforms.Build.0 = Debug|Any CPU
		{7F4335F7-C74B-4B5D-AD64-E0D35267615D}.Debug|Pocket PC 2003 (ARMV4).ActiveCfg = Debug|Any CPU
		{7F4335F7-C74B-4B5D-AD64-E0D35267615D}.Debug|Smartphone 2003 (ARMV4).ActiveCfg = Debug|Any CPU
		{7F4335F7-C74B-4B5D-AD64-E0D35267615D}.Debug|STANDARDSDK_420 (ARMV4I).ActiveCfg = Debug|Any CPU
		{7F4335F7-C74B-4B5D-AD64-E0D35267615D}.Debug|STANDARDSDK_500 (ARMV4I).ActiveCfg = Debug|Any CPU
		{7F4335F7-C74B-4B5D-AD64-E0D35267615D}.Debug|Windows Mobile 5.0 Pocket PC SDK (ARMV4I).ActiveCfg = Debug|Any CPU
		{7F4335F7-C74B-4B5D-AD64-E0D35267615D}.Debug|Windows Mobile 5.0 Smartphone SDK (ARMV4I).ActiveCfg = Debug|Any CPU
		{7F4335F7-C74B-4B5D-AD64-E0D35267615D}.Debug|Windows Mobile 6 Professional SDK (ARMV4I).ActiveCfg = Debug|Any CPU
		{7F4335F7-C74B-4B5D-AD64-E0D35267615D}.Debug|Windows Mobile 6 Standard SDK (ARMV4I).ActiveCfg = Debug|Any CPU
		{7F4335F7-C74B-4B5D-AD64-E0D35267615D}.Debug|Windows Mobile 6.5.3 Professional DTK (ARMV4I).ActiveCfg = Debug|Any CPU
		{7F4335F7-C74B-4B5D-AD64-E0D35267615D}.KeymapDebug|Any CPU.ActiveCfg = KeymapDebug|Any CPU
		{7F4335F7-C74B-4B5D-AD64-E0D35267615D}.KeymapDebug|Any CPU.Build.0 = KeymapDebug|Any CPU
		{7F4335F7-C74B-4B5D-AD64-E0D35267615D}.KeymapDebug|iCE-Premium (ARMV4I).ActiveCfg = KeymapDebug|Any CPU
		{7F4335F7-C74B-4B5D-AD64-E0D35267615D}.KeymapDebug|Mixed Platforms.ActiveCfg = KeymapDebug|Any CPU
		{7F4335F7-C74B-4B5D-AD64-E0D35267615D}.KeymapDebug|Pocket PC 2003 (ARMV4).ActiveCfg = KeymapDebug|Any CPU
		{7F4335F7-C74B-4B5D-AD64-E0D35267615D}.KeymapDebug|Smartphone 2003 (ARMV4).ActiveCfg = KeymapDebug|Any CPU
		{7F4335F7-C74B-4B5D-AD64-E0D35267615D}.KeymapDebug|STANDARDSDK_420 (ARMV4I).ActiveCfg = KeymapDebug|Any CPU
		{7F4335F7-C74B-4B5D-AD64-E0D35267615D}.KeymapDebug|STANDARDSDK_500 (ARMV4I).ActiveCfg = KeymapDebug|Any CPU
		{7F4335F7-C74B-4B5D-AD64-E0D35267615D}.KeymapDebug|Windows Mobile 5.0 Pocket PC SDK (ARMV4I).ActiveCfg = KeymapDebug|Any CPU
		{7F4335F7-C74B-4B5D-AD64-E0D35267615D}.KeymapDebug|Windows Mobile 5.0 Smartphone SDK (ARMV4I).ActiveCfg = KeymapDebug|Any CPU
		{7F4335F7-C74B-4B5D-AD64-E0D35267615D}.KeymapDebug|Windows Mobile 6 Professional SDK (ARMV4I).ActiveCfg = KeymapDebug|Any CPU
		{7F4335F7-C74B-4B5D-AD64-E0D35267615D}.KeymapDebug|Windows Mobile 6 Standard SDK (ARMV4I).ActiveCfg = KeymapDebug|Any CPU
		{7F4335F7-C74B-4B5D-AD64-E0D35267615D}.KeymapDebug|Windows Mobile 6.5.3 Professional DTK (ARMV4I).ActiveCfg = KeymapDebug|Any CPU
		{7F4335F7-C74B-4B5D-AD64-E0D35267615D}.KeyMapRelease|Any CPU.ActiveCfg = KeyMapRelease|Any CPU
		{7F4335F7-C74B-4B5D-AD64-E0D35267615D}.KeyMapRelease|Any CPU.Build.0 = KeyMapRelease|Any CPU
		{7F4335F7-C74B-4B5D-AD64-E0D35267615D}.KeyMapRelease|iCE-Premium (ARMV4I).ActiveCfg = KeyMapRelease|Any CPU
		{7F4335F7-C74B-4B5D-AD64-E0D35267615D}.KeyMapRelease|Mixed Platforms.ActiveCfg = KeyMapRelease|Any CPU
		{7F4335F7-C74B-4B5D-AD64-E0D35267615D}.KeyMapRelease|Pocket PC 2003 (ARMV4).ActiveCfg = KeyMapRelease|Any CPU
		{7F4335F7-C74B-4B5D-AD64-E0D35267615D}.KeyMapRelease|Smartphone 2003 (ARMV4).ActiveCfg = KeyMapRelease|Any CPU
		{7F4335F7-C74B-4B5D-AD64-E0D35267615D}.KeyMapRelease|STANDARDSDK_420 (ARMV4I).ActiveCfg = KeyMapRelease|Any CPU
		{7F4335F7-C74B-4B5D-AD64-E0D35267615D}.KeyMapRelease|STANDARDSDK_500 (ARMV4I).ActiveCfg = KeyMapRelease|Any CPU
		{7F4335F7-C74B-4B5D-AD64-E0D35267615D}.KeyMapRelease|Windows Mobile 5.0 Pocket PC SDK (ARMV4I).ActiveCfg = KeyMapRelease|Any CPU
		{7F4335F7-C74B-4B5D-AD64-E0D35267615D}.KeyMapRelease|Windows Mobile 5.0 Smartphone SDK (ARMV4I).ActiveCfg = KeyMapRelease|Any CPU
		{7F4335F7-C74B-4B5D-AD64-E0D35267615D}.KeyMapRelease|Windows Mobile 6 Professional SDK (ARMV4I).ActiveCfg = KeyMapRelease|Any CPU
		{7F4335F7-C74B-4B5D-AD64-E0D35267615D}.KeyMapRelease|Windows Mobile 6 Standard SDK (ARMV4I).ActiveCfg = KeyMapRelease|Any CPU
		{7F4335F7-C74B-4B5D-AD64-E0D35267615D}.KeyMapRelease|Windows Mobile 6.5.3 Professional DTK (ARMV4I).ActiveCfg = KeyMapRelease|Any CPU
		{7F4335F7-C74B-4B5D-AD64-E0D35267615D}.Release|Any CPU.ActiveCfg = Release|Any CPU
		{7F4335F7-C74B-4B5D-AD64-E0D35267615D}.Release|iCE-Premium (ARMV4I).ActiveCfg = Release|Any CPU
		{7F4335F7-C74B-4B5D-AD64-E0D35267615D}.Release|Mixed Platforms.ActiveCfg = Release|Any CPU
		{7F4335F7-C74B-4B5D-AD64-E0D35267615D}.Release|Mixed Platforms.Build.0 = Release|Any CPU
		{7F4335F7-C74B-4B5D-AD64-E0D35267615D}.Release|Pocket PC 2003 (ARMV4).ActiveCfg = Release|Any CPU
		{7F4335F7-C74B-4B5D-AD64-E0D35267615D}.Release|Smartphone 2003 (ARMV4).ActiveCfg = Release|Any CPU
		{7F4335F7-C74B-4B5D-AD64-E0D35267615D}.Release|STANDARDSDK_420 (ARMV4I).ActiveCfg = Release|Any CPU
		{7F4335F7-C74B-4B5D-AD64-E0D35267615D}.Release|STANDARDSDK_500 (ARMV4I).ActiveCfg = Release|Any CPU
		{7F4335F7-C74B-4B5D-AD64-E0D35267615D}.Release|Windows Mobile 5.0 Pocket PC SDK (ARMV4I).ActiveCfg = Release|Any CPU
		{7F4335F7-C74B-4B5D-AD64-E0D35267615D}.Release|Windows Mobile 5.0 Smartphone SDK (ARMV4I).ActiveCfg = Release|Any CPU
		{7F4335F7-C74B-4B5D-AD64-E0D35267615D}.Release|Windows Mobile 6 Professional SDK (ARMV4I).ActiveCfg = Release|Any CPU
		{7F4335F7-C74B-4B5D-AD64-E0D35267615D}.Release|Windows Mobile 6 Standard SDK (ARMV4I).ActiveCfg = Release|Any CPU
		{7F4335F7-C74B-4B5D-AD64-E0D35267615D}.Release|Windows Mobile 6.5.3 Professional DTK (ARMV4I).ActiveCfg = Release|Any CPU
		{0B974C9C-8B7D-4DA9-BA05-3C3208858475}.Debug|Any CPU.ActiveCfg = Debug|Any CPU
		{0B974C9C-8B7D-4DA9-BA05-3C3208858475}.Debug|Any CPU.Build.0 = Debug|Any CPU
		{0B974C9C-8B7D-4DA9-BA05-3C3208858475}.Debug|Any CPU.Deploy.0 = Debug|Any CPU
		{0B974C9C-8B7D-4DA9-BA05-3C3208858475}.Debug|iCE-Premium (ARMV4I).ActiveCfg = Debug|Any CPU
		{0B974C9C-8B7D-4DA9-BA05-3C3208858475}.Debug|Mixed Platforms.ActiveCfg = Debug|Any CPU
		{0B974C9C-8B7D-4DA9-BA05-3C3208858475}.Debug|Mixed Platforms.Build.0 = Debug|Any CPU
		{0B974C9C-8B7D-4DA9-BA05-3C3208858475}.Debug|Pocket PC 2003 (ARMV4).ActiveCfg = Debug|Any CPU
		{0B974C9C-8B7D-4DA9-BA05-3C3208858475}.Debug|Smartphone 2003 (ARMV4).ActiveCfg = Debug|Any CPU
		{0B974C9C-8B7D-4DA9-BA05-3C3208858475}.Debug|STANDARDSDK_420 (ARMV4I).ActiveCfg = Debug|Any CPU
		{0B974C9C-8B7D-4DA9-BA05-3C3208858475}.Debug|STANDARDSDK_500 (ARMV4I).ActiveCfg = Debug|Any CPU
		{0B974C9C-8B7D-4DA9-BA05-3C3208858475}.Debug|Windows Mobile 5.0 Pocket PC SDK (ARMV4I).ActiveCfg = Debug|Any CPU
		{0B974C9C-8B7D-4DA9-BA05-3C3208858475}.Debug|Windows Mobile 5.0 Smartphone SDK (ARMV4I).ActiveCfg = Debug|Any CPU
		{0B974C9C-8B7D-4DA9-BA05-3C3208858475}.Debug|Windows Mobile 6 Professional SDK (ARMV4I).ActiveCfg = Debug|Any CPU
		{0B974C9C-8B7D-4DA9-BA05-3C3208858475}.Debug|Windows Mobile 6 Standard SDK (ARMV4I).ActiveCfg = Debug|Any CPU
		{0B974C9C-8B7D-4DA9-BA05-3C3208858475}.Debug|Windows Mobile 6.5.3 Professional DTK (ARMV4I).ActiveCfg = Debug|Any CPU
		{0B974C9C-8B7D-4DA9-BA05-3C3208858475}.KeymapDebug|Any CPU.ActiveCfg = KeymapDebug|Any CPU
		{0B974C9C-8B7D-4DA9-BA05-3C3208858475}.KeymapDebug|Any CPU.Build.0 = KeymapDebug|Any CPU
		{0B974C9C-8B7D-4DA9-BA05-3C3208858475}.KeymapDebug|iCE-Premium (ARMV4I).ActiveCfg = KeymapDebug|Any CPU
		{0B974C9C-8B7D-4DA9-BA05-3C3208858475}.KeymapDebug|Mixed Platforms.ActiveCfg = KeymapDebug|Any CPU
		{0B974C9C-8B7D-4DA9-BA05-3C3208858475}.KeymapDebug|Pocket PC 2003 (ARMV4).ActiveCfg = KeymapDebug|Any CPU
		{0B974C9C-8B7D-4DA9-BA05-3C3208858475}.KeymapDebug|Smartphone 2003 (ARMV4).ActiveCfg = KeymapDebug|Any CPU
		{0B974C9C-8B7D-4DA9-BA05-3C3208858475}.KeymapDebug|STANDARDSDK_420 (ARMV4I).ActiveCfg = KeymapDebug|Any CPU
		{0B974C9C-8B7D-4DA9-BA05-3C3208858475}.KeymapDebug|STANDARDSDK_500 (ARMV4I).ActiveCfg = KeymapDebug|Any CPU
		{0B974C9C-8B7D-4DA9-BA05-3C3208858475}.KeymapDebug|Windows Mobile 5.0 Pocket PC SDK (ARMV4I).ActiveCfg = KeymapDebug|Any CPU
		{0B974C9C-8B7D-4DA9-BA05-3C3208858475}.KeymapDebug|Windows Mobile 5.0 Smartphone SDK (ARMV4I).ActiveCfg = KeymapDebug|Any CPU
		{0B974C9C-8B7D-4DA9-BA05-3C3208858475}.KeymapDebug|Windows Mobile 6 Professional SDK (ARMV4I).ActiveCfg = KeymapDebug|Any CPU
		{0B974C9C-8B7D-4DA9-BA05-3C3208858475}.KeymapDebug|Windows Mobile 6 Standard SDK (ARMV4I).ActiveCfg = KeymapDebug|Any CPU
		{0B974C9C-8B7D-4DA9-BA05-3C3208858475}.KeymapDebug|Windows Mobile 6.5.3 Professional DTK (ARMV4I).ActiveCfg = KeymapDebug|Any CPU
		{0B974C9C-8B7D-4DA9-BA05-3C3208858475}.KeyMapRelease|Any CPU.ActiveCfg = KeyMapRelease|Any CPU
		{0B974C9C-8B7D-4DA9-BA05-3C3208858475}.KeyMapRelease|Any CPU.Build.0 = KeyMapRelease|Any CPU
		{0B974C9C-8B7D-4DA9-BA05-3C3208858475}.KeyMapRelease|iCE-Premium (ARMV4I).ActiveCfg = KeyMapRelease|Any CPU
		{0B974C9C-8B7D-4DA9-BA05-3C3208858475}.KeyMapRelease|Mixed Platforms.ActiveCfg = KeyMapRelease|Any CPU
		{0B974C9C-8B7D-4DA9-BA05-3C3208858475}.KeyMapRelease|Pocket PC 2003 (ARMV4).ActiveCfg = KeyMapRelease|Any CPU
		{0B974C9C-8B7D-4DA9-BA05-3C3208858475}.KeyMapRelease|Smartphone 2003 (ARMV4).ActiveCfg = KeyMapRelease|Any CPU
		{0B974C9C-8B7D-4DA9-BA05-3C3208858475}.KeyMapRelease|STANDARDSDK_420 (ARMV4I).ActiveCfg = KeyMapRelease|Any CPU
		{0B974C9C-8B7D-4DA9-BA05-3C3208858475}.KeyMapRelease|STANDARDSDK_500 (ARMV4I).ActiveCfg = KeyMapRelease|Any CPU
		{0B974C9C-8B7D-4DA9-BA05-3C3208858475}.KeyMapRelease|Windows Mobile 5.0 Pocket PC SDK (ARMV4I).ActiveCfg = KeyMapRelease|Any CPU
		{0B974C9C-8B7D-4DA9-BA05-3C3208858475}.KeyMapRelease|Windows Mobile 5.0 Smartphone SDK (ARMV4I).ActiveCfg = KeyMapRelease|Any CPU
		{0B974C9C-8B7D-4DA9-BA05-3C3208858475}.KeyMapRelease|Windows Mobile 6 Professional SDK (ARMV4I).ActiveCfg = KeyMapRelease|Any CPU
		{0B974C9C-8B7D-4DA9-BA05-3C3208858475}.KeyMapRelease|Windows Mobile 6 Standard SDK (ARMV4I).ActiveCfg = KeyMapRelease|Any CPU
		{0B974C9C-8B7D-4DA9-BA05-3C3208858475}.KeyMapRelease|Windows Mobile 6.5.3 Professional DTK (ARMV4I).ActiveCfg = KeyMapRelease|Any CPU
		{0B974C9C-8B7D-4DA9-BA05-3C3208858475}.Release|Any CPU.ActiveCfg = Release|Any CPU
		{0B974C9C-8B7D-4DA9-BA05-3C3208858475}.Release|Any CPU.Build.0 = Release|Any CPU
		{0B974C9C-8B7D-4DA9-BA05-3C3208858475}.Release|Any CPU.Deploy.0 = Release|Any CPU
		{0B974C9C-8B7D-4DA9-BA05-3C3208858475}.Release|iCE-Premium (ARMV4I).ActiveCfg = Release|Any CPU
		{0B974C9C-8B7D-4DA9-BA05-3C3208858475}.Release|Mixed Platforms.ActiveCfg = Release|Any CPU
		{0B974C9C-8B7D-4DA9-BA05-3C3208858475}.Release|Mixed Platforms.Build.0 = Release|Any CPU
		{0B974C9C-8B7D-4DA9-BA05-3C3208858475}.Release|Pocket PC 2003 (ARMV4).ActiveCfg = Release|Any CPU
		{0B974C9C-8B7D-4DA9-BA05-3C3208858475}.Release|Smartphone 2003 (ARMV4).ActiveCfg = Release|Any CPU
		{0B974C9C-8B7D-4DA9-BA05-3C3208858475}.Release|STANDARDSDK_420 (ARMV4I).ActiveCfg = Release|Any CPU
		{0B974C9C-8B7D-4DA9-BA05-3C3208858475}.Release|STANDARDSDK_500 (ARMV4I).ActiveCfg = Release|Any CPU
		{0B974C9C-8B7D-4DA9-BA05-3C3208858475}.Release|Windows Mobile 5.0 Pocket PC SDK (ARMV4I).ActiveCfg = Release|Any CPU
		{0B974C9C-8B7D-4DA9-BA05-3C3208858475}.Release|Windows Mobile 5.0 Smartphone SDK (ARMV4I).ActiveCfg = Release|Any CPU
		{0B974C9C-8B7D-4DA9-BA05-3C3208858475}.Release|Windows Mobile 6 Professional SDK (ARMV4I).ActiveCfg = Release|Any CPU
		{0B974C9C-8B7D-4DA9-BA05-3C3208858475}.Release|Windows Mobile 6 Standard SDK (ARMV4I).ActiveCfg = Release|Any CPU
		{0B974C9C-8B7D-4DA9-BA05-3C3208858475}.Release|Windows Mobile 6.5.3 Professional DTK (ARMV4I).ActiveCfg = Release|Any CPU
		{1ABA136C-AFC1-4944-A7FC-A6F8127F5F7B}.Debug|Any CPU.ActiveCfg = Debug|Any CPU
		{1ABA136C-AFC1-4944-A7FC-A6F8127F5F7B}.Debug|Any CPU.Build.0 = Debug|Any CPU
		{1ABA136C-AFC1-4944-A7FC-A6F8127F5F7B}.Debug|Any CPU.Deploy.0 = Debug|Any CPU
		{1ABA136C-AFC1-4944-A7FC-A6F8127F5F7B}.Debug|iCE-Premium (ARMV4I).ActiveCfg = Debug|Any CPU
		{1ABA136C-AFC1-4944-A7FC-A6F8127F5F7B}.Debug|Mixed Platforms.ActiveCfg = Debug|Any CPU
		{1ABA136C-AFC1-4944-A7FC-A6F8127F5F7B}.Debug|Mixed Platforms.Build.0 = Debug|Any CPU
		{1ABA136C-AFC1-4944-A7FC-A6F8127F5F7B}.Debug|Pocket PC 2003 (ARMV4).ActiveCfg = Debug|Any CPU
		{1ABA136C-AFC1-4944-A7FC-A6F8127F5F7B}.Debug|Smartphone 2003 (ARMV4).ActiveCfg = Debug|Any CPU
		{1ABA136C-AFC1-4944-A7FC-A6F8127F5F7B}.Debug|STANDARDSDK_420 (ARMV4I).ActiveCfg = Debug|Any CPU
		{1ABA136C-AFC1-4944-A7FC-A6F8127F5F7B}.Debug|STANDARDSDK_500 (ARMV4I).ActiveCfg = Debug|Any CPU
		{1ABA136C-AFC1-4944-A7FC-A6F8127F5F7B}.Debug|Windows Mobile 5.0 Pocket PC SDK (ARMV4I).ActiveCfg = Debug|Any CPU
		{1ABA136C-AFC1-4944-A7FC-A6F8127F5F7B}.Debug|Windows Mobile 5.0 Smartphone SDK (ARMV4I).ActiveCfg = Debug|Any CPU
		{1ABA136C-AFC1-4944-A7FC-A6F8127F5F7B}.Debug|Windows Mobile 6 Professional SDK (ARMV4I).ActiveCfg = Debug|Any CPU
		{1ABA136C-AFC1-4944-A7FC-A6F8127F5F7B}.Debug|Windows Mobile 6 Standard SDK (ARMV4I).ActiveCfg = Debug|Any CPU
		{1ABA136C-AFC1-4944-A7FC-A6F8127F5F7B}.Debug|Windows Mobile 6.5.3 Professional DTK (ARMV4I).ActiveCfg = Debug|Any CPU
		{1ABA136C-AFC1-4944-A7FC-A6F8127F5F7B}.KeymapDebug|Any CPU.ActiveCfg = KeymapDebug|Any CPU
		{1ABA136C-AFC1-4944-A7FC-A6F8127F5F7B}.KeymapDebug|Any CPU.Build.0 = KeymapDebug|Any CPU
		{1ABA136C-AFC1-4944-A7FC-A6F8127F5F7B}.KeymapDebug|iCE-Premium (ARMV4I).ActiveCfg = KeymapDebug|Any CPU
		{1ABA136C-AFC1-4944-A7FC-A6F8127F5F7B}.KeymapDebug|Mixed Platforms.ActiveCfg = KeymapDebug|Any CPU
		{1ABA136C-AFC1-4944-A7FC-A6F8127F5F7B}.KeymapDebug|Pocket PC 2003 (ARMV4).ActiveCfg = KeymapDebug|Any CPU
		{1ABA136C-AFC1-4944-A7FC-A6F8127F5F7B}.KeymapDebug|Smartphone 2003 (ARMV4).ActiveCfg = KeymapDebug|Any CPU
		{1ABA136C-AFC1-4944-A7FC-A6F8127F5F7B}.KeymapDebug|STANDARDSDK_420 (ARMV4I).ActiveCfg = KeymapDebug|Any CPU
		{1ABA136C-AFC1-4944-A7FC-A6F8127F5F7B}.KeymapDebug|STANDARDSDK_500 (ARMV4I).ActiveCfg = KeymapDebug|Any CPU
		{1ABA136C-AFC1-4944-A7FC-A6F8127F5F7B}.KeymapDebug|Windows Mobile 5.0 Pocket PC SDK (ARMV4I).ActiveCfg = KeymapDebug|Any CPU
		{1ABA136C-AFC1-4944-A7FC-A6F8127F5F7B}.KeymapDebug|Windows Mobile 5.0 Smartphone SDK (ARMV4I).ActiveCfg = KeymapDebug|Any CPU
		{1ABA136C-AFC1-4944-A7FC-A6F8127F5F7B}.KeymapDebug|Windows Mobile 6 Professional SDK (ARMV4I).ActiveCfg = KeymapDebug|Any CPU
		{1ABA136C-AFC1-4944-A7FC-A6F8127F5F7B}.KeymapDebug|Windows Mobile 6 Standard SDK (ARMV4I).ActiveCfg = KeymapDebug|Any CPU
		{1ABA136C-AFC1-4944-A7FC-A6F8127F5F7B}.KeymapDebug|Windows Mobile 6.5.3 Professional DTK (ARMV4I).ActiveCfg = KeymapDebug|Any CPU
		{1ABA136C-AFC1-4944-A7FC-A6F8127F5F7B}.KeyMapRelease|Any CPU.ActiveCfg = KeyMapRelease|Any CPU
		{1ABA136C-AFC1-4944-A7FC-A6F8127F5F7B}.KeyMapRelease|Any CPU.Build.0 = KeyMapRelease|Any CPU
		{1ABA136C-AFC1-4944-A7FC-A6F8127F5F7B}.KeyMapRelease|iCE-Premium (ARMV4I).ActiveCfg = KeyMapRelease|Any CPU
		{1ABA136C-AFC1-4944-A7FC-A6F8127F5F7B}.KeyMapRelease|Mixed Platforms.ActiveCfg = KeyMapRelease|Any CPU
		{1ABA136C-AFC1-4944-A7FC-A6F8127F5F7B}.KeyMapRelease|Pocket PC 2003 (ARMV4).ActiveCfg = KeyMapRelease|Any CPU
		{1ABA136C-AFC1-4944-A7FC-A6F8127F5F7B}.KeyMapRelease|Smartphone 2003 (ARMV4).ActiveCfg = KeyMapRelease|Any CPU
		{1ABA136C-AFC1-4944-A7FC-A6F8127F5F7B}.KeyMapRelease|STANDARDSDK_420 (ARMV4I).ActiveCfg = KeyMapRelease|Any CPU
		{1ABA136C-AFC1-4944-A7FC-A6F8127F5F7B}.KeyMapRelease|STANDARDSDK_500 (ARMV4I).ActiveCfg = KeyMapRelease|Any CPU
		{1ABA136C-AFC1-4944-A7FC-A6F8127F5F7B}.KeyMapRelease|Windows Mobile 5.0 Pocket PC SDK (ARMV4I).ActiveCfg = KeyMapRelease|Any CPU
		{1ABA136C-AFC1-4944-A7FC-A6F8127F5F7B}.KeyMapRelease|Windows Mobile 5.0 Smartphone SDK (ARMV4I).ActiveCfg = KeyMapRelease|Any CPU
		{1ABA136C-AFC1-4944-A7FC-A6F8127F5F7B}.KeyMapRelease|Windows Mobile 6 Professional SDK (ARMV4I).ActiveCfg = KeyMapRelease|Any CPU
		{1ABA136C-AFC1-4944-A7FC-A6F8127F5F7B}.KeyMapRelease|Windows Mobile 6 Standard SDK (ARMV4I).ActiveCfg = KeyMapRelease|Any CPU
		{1ABA136C-AFC1-4944-A7FC-A6F8127F5F7B}.KeyMapRelease|Windows Mobile 6.5.3 Professional DTK (ARMV4I).ActiveCfg = KeyMapRelease|Any CPU
		{1ABA136C-AFC1-4944-A7FC-A6F8127F5F7B}.Release|Any CPU.ActiveCfg = Release|Any CPU
		{1ABA136C-AFC1-4944-A7FC-A6F8127F5F7B}.Release|Any CPU.Build.0 = Release|Any CPU
		{1ABA136C-AFC1-4944-A7FC-A6F8127F5F7B}.Release|Any CPU.Deploy.0 = Release|Any CPU
		{1ABA136C-AFC1-4944-A7FC-A6F8127F5F7B}.Release|iCE-Premium (ARMV4I).ActiveCfg = Release|Any CPU
		{1ABA136C-AFC1-4944-A7FC-A6F8127F5F7B}.Release|Mixed Platforms.ActiveCfg = Release|Any CPU
		{1ABA136C-AFC1-4944-A7FC-A6F8127F5F7B}.Release|Mixed Platforms.Build.0 = Release|Any CPU
		{1ABA136C-AFC1-4944-A7FC-A6F8127F5F7B}.Release|Pocket PC 2003 (ARMV4).ActiveCfg = Release|Any CPU
		{1ABA136C-AFC1-4944-A7FC-A6F8127F5F7B}.Release|Smartphone 2003 (ARMV4).ActiveCfg = Release|Any CPU
		{1ABA136C-AFC1-4944-A7FC-A6F8127F5F7B}.Release|STANDARDSDK_420 (ARMV4I).ActiveCfg = Release|Any CPU
		{1ABA136C-AFC1-4944-A7FC-A6F8127F5F7B}.Release|STANDARDSDK_500 (ARMV4I).ActiveCfg = Release|Any CPU
		{1ABA136C-AFC1-4944-A7FC-A6F8127F5F7B}.Release|Windows Mobile 5.0 Pocket PC SDK (ARMV4I).ActiveCfg = Release|Any CPU
		{1ABA136C-AFC1-4944-A7FC-A6F8127F5F7B}.Release|Windows Mobile 5.0 Smartphone SDK (ARMV4I).ActiveCfg = Release|Any CPU
		{1ABA136C-AFC1-4944-A7FC-A6F8127F5F7B}.Release|Windows Mobile 6 Professional SDK (ARMV4I).ActiveCfg = Release|Any CPU
		{1ABA136C-AFC1-4944-A7FC-A6F8127F5F7B}.Release|Windows Mobile 6 Standard SDK (ARMV4I).ActiveCfg = Release|Any CPU
		{1ABA136C-AFC1-4944-A7FC-A6F8127F5F7B}.Release|Windows Mobile 6.5.3 Professional DTK (ARMV4I).ActiveCfg = Release|Any CPU
		{12291488-CBF1-4357-92BC-B2DE5DD65D00}.Debug|Any CPU.ActiveCfg = Debug|Any CPU
		{12291488-CBF1-4357-92BC-B2DE5DD65D00}.Debug|Any CPU.Build.0 = Debug|Any CPU
		{12291488-CBF1-4357-92BC-B2DE5DD65D00}.Debug|Any CPU.Deploy.0 = Debug|Any CPU
		{12291488-CBF1-4357-92BC-B2DE5DD65D00}.Debug|iCE-Premium (ARMV4I).ActiveCfg = Debug|Any CPU
		{12291488-CBF1-4357-92BC-B2DE5DD65D00}.Debug|Mixed Platforms.ActiveCfg = Debug|Any CPU
		{12291488-CBF1-4357-92BC-B2DE5DD65D00}.Debug|Mixed Platforms.Build.0 = Debug|Any CPU
		{12291488-CBF1-4357-92BC-B2DE5DD65D00}.Debug|Pocket PC 2003 (ARMV4).ActiveCfg = Debug|Any CPU
		{12291488-CBF1-4357-92BC-B2DE5DD65D00}.Debug|Smartphone 2003 (ARMV4).ActiveCfg = Debug|Any CPU
		{12291488-CBF1-4357-92BC-B2DE5DD65D00}.Debug|STANDARDSDK_420 (ARMV4I).ActiveCfg = Debug|Any CPU
		{12291488-CBF1-4357-92BC-B2DE5DD65D00}.Debug|STANDARDSDK_500 (ARMV4I).ActiveCfg = Debug|Any CPU
		{12291488-CBF1-4357-92BC-B2DE5DD65D00}.Debug|Windows Mobile 5.0 Pocket PC SDK (ARMV4I).ActiveCfg = Debug|Any CPU
		{12291488-CBF1-4357-92BC-B2DE5DD65D00}.Debug|Windows Mobile 5.0 Smartphone SDK (ARMV4I).ActiveCfg = Debug|Any CPU
		{12291488-CBF1-4357-92BC-B2DE5DD65D00}.Debug|Windows Mobile 6 Professional SDK (ARMV4I).ActiveCfg = Debug|Any CPU
		{12291488-CBF1-4357-92BC-B2DE5DD65D00}.Debug|Windows Mobile 6 Standard SDK (ARMV4I).ActiveCfg = Debug|Any CPU
		{12291488-CBF1-4357-92BC-B2DE5DD65D00}.Debug|Windows Mobile 6.5.3 Professional DTK (ARMV4I).ActiveCfg = Debug|Any CPU
		{12291488-CBF1-4357-92BC-B2DE5DD65D00}.KeymapDebug|Any CPU.ActiveCfg = KeymapDebug|Any CPU
		{12291488-CBF1-4357-92BC-B2DE5DD65D00}.KeymapDebug|Any CPU.Build.0 = KeymapDebug|Any CPU
		{12291488-CBF1-4357-92BC-B2DE5DD65D00}.KeymapDebug|iCE-Premium (ARMV4I).ActiveCfg = KeymapDebug|Any CPU
		{12291488-CBF1-4357-92BC-B2DE5DD65D00}.KeymapDebug|Mixed Platforms.ActiveCfg = KeymapDebug|Any CPU
		{12291488-CBF1-4357-92BC-B2DE5DD65D00}.KeymapDebug|Pocket PC 2003 (ARMV4).ActiveCfg = KeymapDebug|Any CPU
		{12291488-CBF1-4357-92BC-B2DE5DD65D00}.KeymapDebug|Smartphone 2003 (ARMV4).ActiveCfg = KeymapDebug|Any CPU
		{12291488-CBF1-4357-92BC-B2DE5DD65D00}.KeymapDebug|STANDARDSDK_420 (ARMV4I).ActiveCfg = KeymapDebug|Any CPU
		{12291488-CBF1-4357-92BC-B2DE5DD65D00}.KeymapDebug|STANDARDSDK_500 (ARMV4I).ActiveCfg = KeymapDebug|Any CPU
		{12291488-CBF1-4357-92BC-B2DE5DD65D00}.KeymapDebug|Windows Mobile 5.0 Pocket PC SDK (ARMV4I).ActiveCfg = KeymapDebug|Any CPU
		{12291488-CBF1-4357-92BC-B2DE5DD65D00}.KeymapDebug|Windows Mobile 5.0 Smartphone SDK (ARMV4I).ActiveCfg = KeymapDebug|Any CPU
		{12291488-CBF1-4357-92BC-B2DE5DD65D00}.KeymapDebug|Windows Mobile 6 Professional SDK (ARMV4I).ActiveCfg = KeymapDebug|Any CPU
		{12291488-CBF1-4357-92BC-B2DE5DD65D00}.KeymapDebug|Windows Mobile 6 Standard SDK (ARMV4I).ActiveCfg = KeymapDebug|Any CPU
		{12291488-CBF1-4357-92BC-B2DE5DD65D00}.KeymapDebug|Windows Mobile 6.5.3 Professional DTK (ARMV4I).ActiveCfg = KeymapDebug|Any CPU
		{12291488-CBF1-4357-92BC-B2DE5DD65D00}.KeyMapRelease|Any CPU.ActiveCfg = KeyMapRelease|Any CPU
		{12291488-CBF1-4357-92BC-B2DE5DD65D00}.KeyMapRelease|Any CPU.Build.0 = KeyMapRelease|Any CPU
		{12291488-CBF1-4357-92BC-B2DE5DD65D00}.KeyMapRelease|iCE-Premium (ARMV4I).ActiveCfg = KeyMapRelease|Any CPU
		{12291488-CBF1-4357-92BC-B2DE5DD65D00}.KeyMapRelease|Mixed Platforms.ActiveCfg = KeyMapRelease|Any CPU
		{12291488-CBF1-4357-92BC-B2DE5DD65D00}.KeyMapRelease|Pocket PC 2003 (ARMV4).ActiveCfg = KeyMapRelease|Any CPU
		{12291488-CBF1-4357-92BC-B2DE5DD65D00}.KeyMapRelease|Smartphone 2003 (ARMV4).ActiveCfg = KeyMapRelease|Any CPU
		{12291488-CBF1-4357-92BC-B2DE5DD65D00}.KeyMapRelease|STANDARDSDK_420 (ARMV4I).ActiveCfg = KeyMapRelease|Any CPU
		{12291488-CBF1-4357-92BC-B2DE5DD65D00}.KeyMapRelease|STANDARDSDK_500 (ARMV4I).ActiveCfg = KeyMapRelease|Any CPU
		{12291488-CBF1-4357-92BC-B2DE5DD65D00}.KeyMapRelease|Windows Mobile 5.0 Pocket PC SDK (ARMV4I).ActiveCfg = KeyMapRelease|Any CPU
		{12291488-CBF1-4357-92BC-B2DE5DD65D00}.KeyMapRelease|Windows Mobile 5.0 Smartphone SDK (ARMV4I).ActiveCfg = KeyMapRelease|Any CPU
		{12291488-CBF1-4357-92BC-B2DE5DD65D00}.KeyMapRelease|Windows Mobile 6 Professional SDK (ARMV4I).ActiveCfg = KeyMapRelease|Any CPU
		{12291488-CBF1-4357-92BC-B2DE5DD65D00}.KeyMapRelease|Windows Mobile 6 Standard SDK (ARMV4I).ActiveCfg = KeyMapRelease|Any CPU
		{12291488-CBF1-4357-92BC-B2DE5DD65D00}.KeyMapRelease|Windows Mobile 6.5.3 Professional DTK (ARMV4I).ActiveCfg = KeyMapRelease|Any CPU
		{12291488-CBF1-4357-92BC-B2DE5DD65D00}.Release|Any CPU.ActiveCfg = Release|Any CPU
		{12291488-CBF1-4357-92BC-B2DE5DD65D00}.Release|Any CPU.Build.0 = Release|Any CPU
		{12291488-CBF1-4357-92BC-B2DE5DD65D00}.Release|Any CPU.Deploy.0 = Release|Any CPU
		{12291488-CBF1-4357-92BC-B2DE5DD65D00}.Release|iCE-Premium (ARMV4I).ActiveCfg = Release|Any CPU
		{12291488-CBF1-4357-92BC-B2DE5DD65D00}.Release|Mixed Platforms.ActiveCfg = Release|Any CPU
		{12291488-CBF1-4357-92BC-B2DE5DD65D00}.Release|Mixed Platforms.Build.0 = Release|Any CPU
		{12291488-CBF1-4357-92BC-B2DE5DD65D00}.Release|Pocket PC 2003 (ARMV4).ActiveCfg = Release|Any CPU
		{12291488-CBF1-4357-92BC-B2DE5DD65D00}.Release|Smartphone 2003 (ARMV4).ActiveCfg = Release|Any CPU
		{12291488-CBF1-4357-92BC-B2DE5DD65D00}.Release|STANDARDSDK_420 (ARMV4I).ActiveCfg = Release|Any CPU
		{12291488-CBF1-4357-92BC-B2DE5DD65D00}.Release|STANDARDSDK_500 (ARMV4I).ActiveCfg = Release|Any CPU
		{12291488-CBF1-4357-92BC-B2DE5DD65D00}.Release|Windows Mobile 5.0 Pocket PC SDK (ARMV4I).ActiveCfg = Release|Any CPU
		{12291488-CBF1-4357-92BC-B2DE5DD65D00}.Release|Windows Mobile 5.0 Smartphone SDK (ARMV4I).ActiveCfg = Release|Any CPU
		{12291488-CBF1-4357-92BC-B2DE5DD65D00}.Release|Windows Mobile 6 Professional SDK (ARMV4I).ActiveCfg = Release|Any CPU
		{12291488-CBF1-4357-92BC-B2DE5DD65D00}.Release|Windows Mobile 6 Standard SDK (ARMV4I).ActiveCfg = Release|Any CPU
		{12291488-CBF1-4357-92BC-B2DE5DD65D00}.Release|Windows Mobile 6.5.3 Professional DTK (ARMV4I).ActiveCfg = Release|Any CPU
		{D592C010-826E-4350-BABB-FBC08C1B9014}.Debug|Any CPU.ActiveCfg = Debug|Any CPU
		{D592C010-826E-4350-BABB-FBC08C1B9014}.Debug|Any CPU.Build.0 = Debug|Any CPU
		{D592C010-826E-4350-BABB-FBC08C1B9014}.Debug|Any CPU.Deploy.0 = Debug|Any CPU
		{D592C010-826E-4350-BABB-FBC08C1B9014}.Debug|iCE-Premium (ARMV4I).ActiveCfg = Debug|Any CPU
		{D592C010-826E-4350-BABB-FBC08C1B9014}.Debug|Mixed Platforms.ActiveCfg = Debug|Any CPU
		{D592C010-826E-4350-BABB-FBC08C1B9014}.Debug|Mixed Platforms.Build.0 = Debug|Any CPU
		{D592C010-826E-4350-BABB-FBC08C1B9014}.Debug|Mixed Platforms.Deploy.0 = Debug|Any CPU
		{D592C010-826E-4350-BABB-FBC08C1B9014}.Debug|Pocket PC 2003 (ARMV4).ActiveCfg = Debug|Any CPU
		{D592C010-826E-4350-BABB-FBC08C1B9014}.Debug|Smartphone 2003 (ARMV4).ActiveCfg = Debug|Any CPU
		{D592C010-826E-4350-BABB-FBC08C1B9014}.Debug|STANDARDSDK_420 (ARMV4I).ActiveCfg = Debug|Any CPU
		{D592C010-826E-4350-BABB-FBC08C1B9014}.Debug|STANDARDSDK_500 (ARMV4I).ActiveCfg = Debug|Any CPU
		{D592C010-826E-4350-BABB-FBC08C1B9014}.Debug|Windows Mobile 5.0 Pocket PC SDK (ARMV4I).ActiveCfg = Debug|Any CPU
		{D592C010-826E-4350-BABB-FBC08C1B9014}.Debug|Windows Mobile 5.0 Smartphone SDK (ARMV4I).ActiveCfg = Debug|Any CPU
		{D592C010-826E-4350-BABB-FBC08C1B9014}.Debug|Windows Mobile 6 Professional SDK (ARMV4I).ActiveCfg = Debug|Any CPU
		{D592C010-826E-4350-BABB-FBC08C1B9014}.Debug|Windows Mobile 6 Standard SDK (ARMV4I).ActiveCfg = Debug|Any CPU
		{D592C010-826E-4350-BABB-FBC08C1B9014}.Debug|Windows Mobile 6.5.3 Professional DTK (ARMV4I).ActiveCfg = Debug|Any CPU
		{D592C010-826E-4350-BABB-FBC08C1B9014}.KeymapDebug|Any CPU.ActiveCfg = KeymapDebug|Any CPU
		{D592C010-826E-4350-BABB-FBC08C1B9014}.KeymapDebug|Any CPU.Build.0 = KeymapDebug|Any CPU
		{D592C010-826E-4350-BABB-FBC08C1B9014}.KeymapDebug|Any CPU.Deploy.0 = KeymapDebug|Any CPU
		{D592C010-826E-4350-BABB-FBC08C1B9014}.KeymapDebug|iCE-Premium (ARMV4I).ActiveCfg = KeymapDebug|Any CPU
		{D592C010-826E-4350-BABB-FBC08C1B9014}.KeymapDebug|Mixed Platforms.ActiveCfg = KeymapDebug|Any CPU
		{D592C010-826E-4350-BABB-FBC08C1B9014}.KeymapDebug|Pocket PC 2003 (ARMV4).ActiveCfg = KeymapDebug|Any CPU
		{D592C010-826E-4350-BABB-FBC08C1B9014}.KeymapDebug|Smartphone 2003 (ARMV4).ActiveCfg = KeymapDebug|Any CPU
		{D592C010-826E-4350-BABB-FBC08C1B9014}.KeymapDebug|STANDARDSDK_420 (ARMV4I).ActiveCfg = KeymapDebug|Any CPU
		{D592C010-826E-4350-BABB-FBC08C1B9014}.KeymapDebug|STANDARDSDK_500 (ARMV4I).ActiveCfg = KeymapDebug|Any CPU
		{D592C010-826E-4350-BABB-FBC08C1B9014}.KeymapDebug|Windows Mobile 5.0 Pocket PC SDK (ARMV4I).ActiveCfg = KeymapDebug|Any CPU
		{D592C010-826E-4350-BABB-FBC08C1B9014}.KeymapDebug|Windows Mobile 5.0 Smartphone SDK (ARMV4I).ActiveCfg = KeymapDebug|Any CPU
		{D592C010-826E-4350-BABB-FBC08C1B9014}.KeymapDebug|Windows Mobile 6 Professional SDK (ARMV4I).ActiveCfg = KeymapDebug|Any CPU
		{D592C010-826E-4350-BABB-FBC08C1B9014}.KeymapDebug|Windows Mobile 6 Standard SDK (ARMV4I).ActiveCfg = KeymapDebug|Any CPU
		{D592C010-826E-4350-BABB-FBC08C1B9014}.KeymapDebug|Windows Mobile 6.5.3 Professional DTK (ARMV4I).ActiveCfg = KeymapDebug|Any CPU
		{D592C010-826E-4350-BABB-FBC08C1B9014}.KeyMapRelease|Any CPU.ActiveCfg = KeyMapRelease|Any CPU
		{D592C010-826E-4350-BABB-FBC08C1B9014}.KeyMapRelease|Any CPU.Build.0 = KeyMapRelease|Any CPU
		{D592C010-826E-4350-BABB-FBC08C1B9014}.KeyMapRelease|Any CPU.Deploy.0 = KeyMapRelease|Any CPU
		{D592C010-826E-4350-BABB-FBC08C1B9014}.KeyMapRelease|iCE-Premium (ARMV4I).ActiveCfg = KeyMapRelease|Any CPU
		{D592C010-826E-4350-BABB-FBC08C1B9014}.KeyMapRelease|Mixed Platforms.ActiveCfg = KeyMapRelease|Any CPU
		{D592C010-826E-4350-BABB-FBC08C1B9014}.KeyMapRelease|Pocket PC 2003 (ARMV4).ActiveCfg = KeyMapRelease|Any CPU
		{D592C010-826E-4350-BABB-FBC08C1B9014}.KeyMapRelease|Smartphone 2003 (ARMV4).ActiveCfg = KeyMapRelease|Any CPU
		{D592C010-826E-4350-BABB-FBC08C1B9014}.KeyMapRelease|STANDARDSDK_420 (ARMV4I).ActiveCfg = KeyMapRelease|Any CPU
		{D592C010-826E-4350-BABB-FBC08C1B9014}.KeyMapRelease|STANDARDSDK_500 (ARMV4I).ActiveCfg = KeyMapRelease|Any CPU
		{D592C010-826E-4350-BABB-FBC08C1B9014}.KeyMapRelease|Windows Mobile 5.0 Pocket PC SDK (ARMV4I).ActiveCfg = KeyMapRelease|Any CPU
		{D592C010-826E-4350-BABB-FBC08C1B9014}.KeyMapRelease|Windows Mobile 5.0 Smartphone SDK (ARMV4I).ActiveCfg = KeyMapRelease|Any CPU
		{D592C010-826E-4350-BABB-FBC08C1B9014}.KeyMapRelease|Windows Mobile 6 Professional SDK (ARMV4I).ActiveCfg = KeyMapRelease|Any CPU
		{D592C010-826E-4350-BABB-FBC08C1B9014}.KeyMapRelease|Windows Mobile 6 Standard SDK (ARMV4I).ActiveCfg = KeyMapRelease|Any CPU
		{D592C010-826E-4350-BABB-FBC08C1B9014}.KeyMapRelease|Windows Mobile 6.5.3 Professional DTK (ARMV4I).ActiveCfg = KeyMapRelease|Any CPU
		{D592C010-826E-4350-BABB-FBC08C1B9014}.Release|Any CPU.ActiveCfg = Release|Any CPU
		{D592C010-826E-4350-BABB-FBC08C1B9014}.Release|Any CPU.Build.0 = Release|Any CPU
		{D592C010-826E-4350-BABB-FBC08C1B9014}.Release|Any CPU.Deploy.0 = Release|Any CPU
		{D592C010-826E-4350-BABB-FBC08C1B9014}.Release|iCE-Premium (ARMV4I).ActiveCfg = Release|Any CPU
		{D592C010-826E-4350-BABB-FBC08C1B9014}.Release|Mixed Platforms.ActiveCfg = Release|Any CPU
		{D592C010-826E-4350-BABB-FBC08C1B9014}.Release|Mixed Platforms.Build.0 = Release|Any CPU
		{D592C010-826E-4350-BABB-FBC08C1B9014}.Release|Mixed Platforms.Deploy.0 = Release|Any CPU
		{D592C010-826E-4350-BABB-FBC08C1B9014}.Release|Pocket PC 2003 (ARMV4).ActiveCfg = Release|Any CPU
		{D592C010-826E-4350-BABB-FBC08C1B9014}.Release|Smartphone 2003 (ARMV4).ActiveCfg = Release|Any CPU
		{D592C010-826E-4350-BABB-FBC08C1B9014}.Release|STANDARDSDK_420 (ARMV4I).ActiveCfg = Release|Any CPU
		{D592C010-826E-4350-BABB-FBC08C1B9014}.Release|STANDARDSDK_500 (ARMV4I).ActiveCfg = Release|Any CPU
		{D592C010-826E-4350-BABB-FBC08C1B9014}.Release|Windows Mobile 5.0 Pocket PC SDK (ARMV4I).ActiveCfg = Release|Any CPU
		{D592C010-826E-4350-BABB-FBC08C1B9014}.Release|Windows Mobile 5.0 Smartphone SDK (ARMV4I).ActiveCfg = Release|Any CPU
		{D592C010-826E-4350-BABB-FBC08C1B9014}.Release|Windows Mobile 6 Professional SDK (ARMV4I).ActiveCfg = Release|Any CPU
		{D592C010-826E-4350-BABB-FBC08C1B9014}.Release|Windows Mobile 6 Standard SDK (ARMV4I).ActiveCfg = Release|Any CPU
		{D592C010-826E-4350-BABB-FBC08C1B9014}.Release|Windows Mobile 6.5.3 Professional DTK (ARMV4I).ActiveCfg = Release|Any CPU
		{0D080EE3-E737-4388-8661-8344667BAB16}.Debug|Any CPU.ActiveCfg = Debug|Any CPU
		{0D080EE3-E737-4388-8661-8344667BAB16}.Debug|Any CPU.Build.0 = Debug|Any CPU
		{0D080EE3-E737-4388-8661-8344667BAB16}.Debug|Any CPU.Deploy.0 = Debug|Any CPU
		{0D080EE3-E737-4388-8661-8344667BAB16}.Debug|iCE-Premium (ARMV4I).ActiveCfg = Debug|Any CPU
		{0D080EE3-E737-4388-8661-8344667BAB16}.Debug|Mixed Platforms.ActiveCfg = Debug|Any CPU
		{0D080EE3-E737-4388-8661-8344667BAB16}.Debug|Mixed Platforms.Build.0 = Debug|Any CPU
		{0D080EE3-E737-4388-8661-8344667BAB16}.Debug|Pocket PC 2003 (ARMV4).ActiveCfg = Debug|Any CPU
		{0D080EE3-E737-4388-8661-8344667BAB16}.Debug|Smartphone 2003 (ARMV4).ActiveCfg = Debug|Any CPU
		{0D080EE3-E737-4388-8661-8344667BAB16}.Debug|STANDARDSDK_420 (ARMV4I).ActiveCfg = Debug|Any CPU
		{0D080EE3-E737-4388-8661-8344667BAB16}.Debug|STANDARDSDK_500 (ARMV4I).ActiveCfg = Debug|Any CPU
		{0D080EE3-E737-4388-8661-8344667BAB16}.Debug|Windows Mobile 5.0 Pocket PC SDK (ARMV4I).ActiveCfg = Debug|Any CPU
		{0D080EE3-E737-4388-8661-8344667BAB16}.Debug|Windows Mobile 5.0 Smartphone SDK (ARMV4I).ActiveCfg = Debug|Any CPU
		{0D080EE3-E737-4388-8661-8344667BAB16}.Debug|Windows Mobile 6 Professional SDK (ARMV4I).ActiveCfg = Debug|Any CPU
		{0D080EE3-E737-4388-8661-8344667BAB16}.Debug|Windows Mobile 6 Standard SDK (ARMV4I).ActiveCfg = Debug|Any CPU
		{0D080EE3-E737-4388-8661-8344667BAB16}.Debug|Windows Mobile 6.5.3 Professional DTK (ARMV4I).ActiveCfg = Debug|Any CPU
		{0D080EE3-E737-4388-8661-8344667BAB16}.KeymapDebug|Any CPU.ActiveCfg = KeymapDebug|Any CPU
		{0D080EE3-E737-4388-8661-8344667BAB16}.KeymapDebug|Any CPU.Build.0 = KeymapDebug|Any CPU
		{0D080EE3-E737-4388-8661-8344667BAB16}.KeymapDebug|iCE-Premium (ARMV4I).ActiveCfg = KeymapDebug|Any CPU
		{0D080EE3-E737-4388-8661-8344667BAB16}.KeymapDebug|Mixed Platforms.ActiveCfg = KeymapDebug|Any CPU
		{0D080EE3-E737-4388-8661-8344667BAB16}.KeymapDebug|Pocket PC 2003 (ARMV4).ActiveCfg = KeymapDebug|Any CPU
		{0D080EE3-E737-4388-8661-8344667BAB16}.KeymapDebug|Smartphone 2003 (ARMV4).ActiveCfg = KeymapDebug|Any CPU
		{0D080EE3-E737-4388-8661-8344667BAB16}.KeymapDebug|STANDARDSDK_420 (ARMV4I).ActiveCfg = KeymapDebug|Any CPU
		{0D080EE3-E737-4388-8661-8344667BAB16}.KeymapDebug|STANDARDSDK_500 (ARMV4I).ActiveCfg = KeymapDebug|Any CPU
		{0D080EE3-E737-4388-8661-8344667BAB16}.KeymapDebug|Windows Mobile 5.0 Pocket PC SDK (ARMV4I).ActiveCfg = KeymapDebug|Any CPU
		{0D080EE3-E737-4388-8661-8344667BAB16}.KeymapDebug|Windows Mobile 5.0 Smartphone SDK (ARMV4I).ActiveCfg = KeymapDebug|Any CPU
		{0D080EE3-E737-4388-8661-8344667BAB16}.KeymapDebug|Windows Mobile 6 Professional SDK (ARMV4I).ActiveCfg = KeymapDebug|Any CPU
		{0D080EE3-E737-4388-8661-8344667BAB16}.KeymapDebug|Windows Mobile 6 Standard SDK (ARMV4I).ActiveCfg = KeymapDebug|Any CPU
		{0D080EE3-E737-4388-8661-8344667BAB16}.KeymapDebug|Windows Mobile 6.5.3 Professional DTK (ARMV4I).ActiveCfg = KeymapDebug|Any CPU
		{0D080EE3-E737-4388-8661-8344667BAB16}.KeyMapRelease|Any CPU.ActiveCfg = KeyMapRelease|Any CPU
		{0D080EE3-E737-4388-8661-8344667BAB16}.KeyMapRelease|Any CPU.Build.0 = KeyMapRelease|Any CPU
		{0D080EE3-E737-4388-8661-8344667BAB16}.KeyMapRelease|iCE-Premium (ARMV4I).ActiveCfg = KeyMapRelease|Any CPU
		{0D080EE3-E737-4388-8661-8344667BAB16}.KeyMapRelease|Mixed Platforms.ActiveCfg = KeyMapRelease|Any CPU
		{0D080EE3-E737-4388-8661-8344667BAB16}.KeyMapRelease|Pocket PC 2003 (ARMV4).ActiveCfg = KeyMapRelease|Any CPU
		{0D080EE3-E737-4388-8661-8344667BAB16}.KeyMapRelease|Smartphone 2003 (ARMV4).ActiveCfg = KeyMapRelease|Any CPU
		{0D080EE3-E737-4388-8661-8344667BAB16}.KeyMapRelease|STANDARDSDK_420 (ARMV4I).ActiveCfg = KeyMapRelease|Any CPU
		{0D080EE3-E737-4388-8661-8344667BAB16}.KeyMapRelease|STANDARDSDK_500 (ARMV4I).ActiveCfg = KeyMapRelease|Any CPU
		{0D080EE3-E737-4388-8661-8344667BAB16}.KeyMapRelease|Windows Mobile 5.0 Pocket PC SDK (ARMV4I).ActiveCfg = KeyMapRelease|Any CPU
		{0D080EE3-E737-4388-8661-8344667BAB16}.KeyMapRelease|Windows Mobile 5.0 Smartphone SDK (ARMV4I).ActiveCfg = KeyMapRelease|Any CPU
		{0D080EE3-E737-4388-8661-8344667BAB16}.KeyMapRelease|Windows Mobile 6 Professional SDK (ARMV4I).ActiveCfg = KeyMapRelease|Any CPU
		{0D080EE3-E737-4388-8661-8344667BAB16}.KeyMapRelease|Windows Mobile 6 Standard SDK (ARMV4I).ActiveCfg = KeyMapRelease|Any CPU
		{0D080EE3-E737-4388-8661-8344667BAB16}.KeyMapRelease|Windows Mobile 6.5.3 Professional DTK (ARMV4I).ActiveCfg = KeyMapRelease|Any CPU
		{0D080EE3-E737-4388-8661-8344667BAB16}.Release|Any CPU.ActiveCfg = Release|Any CPU
		{0D080EE3-E737-4388-8661-8344667BAB16}.Release|Any CPU.Build.0 = Release|Any CPU
		{0D080EE3-E737-4388-8661-8344667BAB16}.Release|Any CPU.Deploy.0 = Release|Any CPU
		{0D080EE3-E737-4388-8661-8344667BAB16}.Release|iCE-Premium (ARMV4I).ActiveCfg = Release|Any CPU
		{0D080EE3-E737-4388-8661-8344667BAB16}.Release|Mixed Platforms.ActiveCfg = Release|Any CPU
		{0D080EE3-E737-4388-8661-8344667BAB16}.Release|Mixed Platforms.Build.0 = Release|Any CPU
		{0D080EE3-E737-4388-8661-8344667BAB16}.Release|Pocket PC 2003 (ARMV4).ActiveCfg = Release|Any CPU
		{0D080EE3-E737-4388-8661-8344667BAB16}.Release|Smartphone 2003 (ARMV4).ActiveCfg = Release|Any CPU
		{0D080EE3-E737-4388-8661-8344667BAB16}.Release|STANDARDSDK_420 (ARMV4I).ActiveCfg = Release|Any CPU
		{0D080EE3-E737-4388-8661-8344667BAB16}.Release|STANDARDSDK_500 (ARMV4I).ActiveCfg = Release|Any CPU
		{0D080EE3-E737-4388-8661-8344667BAB16}.Release|Windows Mobile 5.0 Pocket PC SDK (ARMV4I).ActiveCfg = Release|Any CPU
		{0D080EE3-E737-4388-8661-8344667BAB16}.Release|Windows Mobile 5.0 Smartphone SDK (ARMV4I).ActiveCfg = Release|Any CPU
		{0D080EE3-E737-4388-8661-8344667BAB16}.Release|Windows Mobile 6 Professional SDK (ARMV4I).ActiveCfg = Release|Any CPU
		{0D080EE3-E737-4388-8661-8344667BAB16}.Release|Windows Mobile 6 Standard SDK (ARMV4I).ActiveCfg = Release|Any CPU
		{0D080EE3-E737-4388-8661-8344667BAB16}.Release|Windows Mobile 6.5.3 Professional DTK (ARMV4I).ActiveCfg = Release|Any CPU
		{FA7C094A-179F-42BB-B2DB-25569450592D}.Debug|Any CPU.ActiveCfg = Debug|Windows Mobile 5.0 Smartphone SDK (ARMV4I)
		{FA7C094A-179F-42BB-B2DB-25569450592D}.Debug|iCE-Premium (ARMV4I).ActiveCfg = Debug|iCE-Premium (ARMV4I)
		{FA7C094A-179F-42BB-B2DB-25569450592D}.Debug|iCE-Premium (ARMV4I).Build.0 = Debug|iCE-Premium (ARMV4I)
		{FA7C094A-179F-42BB-B2DB-25569450592D}.Debug|iCE-Premium (ARMV4I).Deploy.0 = Debug|iCE-Premium (ARMV4I)
		{FA7C094A-179F-42BB-B2DB-25569450592D}.Debug|Mixed Platforms.ActiveCfg = Debug|Windows Mobile 5.0 Smartphone SDK (ARMV4I)
		{FA7C094A-179F-42BB-B2DB-25569450592D}.Debug|Pocket PC 2003 (ARMV4).ActiveCfg = Debug|Pocket PC 2003 (ARMV4)
		{FA7C094A-179F-42BB-B2DB-25569450592D}.Debug|Pocket PC 2003 (ARMV4).Build.0 = Debug|Pocket PC 2003 (ARMV4)
		{FA7C094A-179F-42BB-B2DB-25569450592D}.Debug|Pocket PC 2003 (ARMV4).Deploy.0 = Debug|Pocket PC 2003 (ARMV4)
		{FA7C094A-179F-42BB-B2DB-25569450592D}.Debug|Smartphone 2003 (ARMV4).ActiveCfg = Debug|Smartphone 2003 (ARMV4)
		{FA7C094A-179F-42BB-B2DB-25569450592D}.Debug|Smartphone 2003 (ARMV4).Build.0 = Debug|Smartphone 2003 (ARMV4)
		{FA7C094A-179F-42BB-B2DB-25569450592D}.Debug|Smartphone 2003 (ARMV4).Deploy.0 = Debug|Smartphone 2003 (ARMV4)
		{FA7C094A-179F-42BB-B2DB-25569450592D}.Debug|STANDARDSDK_420 (ARMV4I).ActiveCfg = Debug|STANDARDSDK_420 (ARMV4I)
		{FA7C094A-179F-42BB-B2DB-25569450592D}.Debug|STANDARDSDK_420 (ARMV4I).Build.0 = Debug|STANDARDSDK_420 (ARMV4I)
		{FA7C094A-179F-42BB-B2DB-25569450592D}.Debug|STANDARDSDK_420 (ARMV4I).Deploy.0 = Debug|STANDARDSDK_420 (ARMV4I)
		{FA7C094A-179F-42BB-B2DB-25569450592D}.Debug|STANDARDSDK_500 (ARMV4I).ActiveCfg = Debug|STANDARDSDK_500 (ARMV4I)
		{FA7C094A-179F-42BB-B2DB-25569450592D}.Debug|STANDARDSDK_500 (ARMV4I).Build.0 = Debug|STANDARDSDK_500 (ARMV4I)
		{FA7C094A-179F-42BB-B2DB-25569450592D}.Debug|STANDARDSDK_500 (ARMV4I).Deploy.0 = Debug|STANDARDSDK_500 (ARMV4I)
		{FA7C094A-179F-42BB-B2DB-25569450592D}.Debug|Windows Mobile 5.0 Pocket PC SDK (ARMV4I).ActiveCfg = Debug|Windows Mobile 5.0 Pocket PC SDK (ARMV4I)
		{FA7C094A-179F-42BB-B2DB-25569450592D}.Debug|Windows Mobile 5.0 Pocket PC SDK (ARMV4I).Build.0 = Debug|Windows Mobile 5.0 Pocket PC SDK (ARMV4I)
		{FA7C094A-179F-42BB-B2DB-25569450592D}.Debug|Windows Mobile 5.0 Pocket PC SDK (ARMV4I).Deploy.0 = Debug|Windows Mobile 5.0 Pocket PC SDK (ARMV4I)
		{FA7C094A-179F-42BB-B2DB-25569450592D}.Debug|Windows Mobile 5.0 Smartphone SDK (ARMV4I).ActiveCfg = Debug|Windows Mobile 5.0 Smartphone SDK (ARMV4I)
		{FA7C094A-179F-42BB-B2DB-25569450592D}.Debug|Windows Mobile 5.0 Smartphone SDK (ARMV4I).Build.0 = Debug|Windows Mobile 5.0 Smartphone SDK (ARMV4I)
		{FA7C094A-179F-42BB-B2DB-25569450592D}.Debug|Windows Mobile 5.0 Smartphone SDK (ARMV4I).Deploy.0 = Debug|Windows Mobile 5.0 Smartphone SDK (ARMV4I)
		{FA7C094A-179F-42BB-B2DB-25569450592D}.Debug|Windows Mobile 6 Professional SDK (ARMV4I).ActiveCfg = Debug|Windows Mobile 6 Professional SDK (ARMV4I)
		{FA7C094A-179F-42BB-B2DB-25569450592D}.Debug|Windows Mobile 6 Professional SDK (ARMV4I).Build.0 = Debug|Windows Mobile 6 Professional SDK (ARMV4I)
		{FA7C094A-179F-42BB-B2DB-25569450592D}.Debug|Windows Mobile 6 Professional SDK (ARMV4I).Deploy.0 = Debug|Windows Mobile 6 Professional SDK (ARMV4I)
		{FA7C094A-179F-42BB-B2DB-25569450592D}.Debug|Windows Mobile 6 Standard SDK (ARMV4I).ActiveCfg = Debug|Windows Mobile 6 Standard SDK (ARMV4I)
		{FA7C094A-179F-42BB-B2DB-25569450592D}.Debug|Windows Mobile 6 Standard SDK (ARMV4I).Build.0 = Debug|Windows Mobile 6 Standard SDK (ARMV4I)
		{FA7C094A-179F-42BB-B2DB-25569450592D}.Debug|Windows Mobile 6 Standard SDK (ARMV4I).Deploy.0 = Debug|Windows Mobile 6 Standard SDK (ARMV4I)
		{FA7C094A-179F-42BB-B2DB-25569450592D}.Debug|Windows Mobile 6.5.3 Professional DTK (ARMV4I).ActiveCfg = Debug|Windows Mobile 6.5.3 Professional DTK (ARMV4I)
		{FA7C094A-179F-42BB-B2DB-25569450592D}.Debug|Windows Mobile 6.5.3 Professional DTK (ARMV4I).Build.0 = Debug|Windows Mobile 6.5.3 Professional DTK (ARMV4I)
		{FA7C094A-179F-42BB-B2DB-25569450592D}.Debug|Windows Mobile 6.5.3 Professional DTK (ARMV4I).Deploy.0 = Debug|Windows Mobile 6.5.3 Professional DTK (ARMV4I)
		{FA7C094A-179F-42BB-B2DB-25569450592D}.KeymapDebug|Any CPU.ActiveCfg = KeymapDebug|Windows Mobile 5.0 Smartphone SDK (ARMV4I)
		{FA7C094A-179F-42BB-B2DB-25569450592D}.KeymapDebug|iCE-Premium (ARMV4I).ActiveCfg = KeymapDebug|iCE-Premium (ARMV4I)
		{FA7C094A-179F-42BB-B2DB-25569450592D}.KeymapDebug|iCE-Premium (ARMV4I).Deploy.0 = KeymapDebug|iCE-Premium (ARMV4I)
		{FA7C094A-179F-42BB-B2DB-25569450592D}.KeymapDebug|Mixed Platforms.ActiveCfg = KeymapDebug|Windows Mobile 6.5.3 Professional DTK (ARMV4I)
		{FA7C094A-179F-42BB-B2DB-25569450592D}.KeymapDebug|Mixed Platforms.Build.0 = KeymapDebug|Windows Mobile 6.5.3 Professional DTK (ARMV4I)
		{FA7C094A-179F-42BB-B2DB-25569450592D}.KeymapDebug|Mixed Platforms.Deploy.0 = KeymapDebug|Windows Mobile 6.5.3 Professional DTK (ARMV4I)
		{FA7C094A-179F-42BB-B2DB-25569450592D}.KeymapDebug|Pocket PC 2003 (ARMV4).ActiveCfg = KeymapDebug|Pocket PC 2003 (ARMV4)
		{FA7C094A-179F-42BB-B2DB-25569450592D}.KeymapDebug|Pocket PC 2003 (ARMV4).Deploy.0 = KeymapDebug|Pocket PC 2003 (ARMV4)
		{FA7C094A-179F-42BB-B2DB-25569450592D}.KeymapDebug|Smartphone 2003 (ARMV4).ActiveCfg = KeymapDebug|Smartphone 2003 (ARMV4)
		{FA7C094A-179F-42BB-B2DB-25569450592D}.KeymapDebug|Smartphone 2003 (ARMV4).Deploy.0 = KeymapDebug|Smartphone 2003 (ARMV4)
		{FA7C094A-179F-42BB-B2DB-25569450592D}.KeymapDebug|STANDARDSDK_420 (ARMV4I).ActiveCfg = KeymapDebug|STANDARDSDK_420 (ARMV4I)
		{FA7C094A-179F-42BB-B2DB-25569450592D}.KeymapDebug|STANDARDSDK_420 (ARMV4I).Deploy.0 = KeymapDebug|STANDARDSDK_420 (ARMV4I)
		{FA7C094A-179F-42BB-B2DB-25569450592D}.KeymapDebug|STANDARDSDK_500 (ARMV4I).ActiveCfg = KeymapDebug|STANDARDSDK_500 (ARMV4I)
		{FA7C094A-179F-42BB-B2DB-25569450592D}.KeymapDebug|STANDARDSDK_500 (ARMV4I).Deploy.0 = KeymapDebug|STANDARDSDK_500 (ARMV4I)
		{FA7C094A-179F-42BB-B2DB-25569450592D}.KeymapDebug|Windows Mobile 5.0 Pocket PC SDK (ARMV4I).ActiveCfg = KeymapDebug|Windows Mobile 5.0 Pocket PC SDK (ARMV4I)
		{FA7C094A-179F-42BB-B2DB-25569450592D}.KeymapDebug|Windows Mobile 5.0 Pocket PC SDK (ARMV4I).Deploy.0 = KeymapDebug|Windows Mobile 5.0 Pocket PC SDK (ARMV4I)
		{FA7C094A-179F-42BB-B2DB-25569450592D}.KeymapDebug|Windows Mobile 5.0 Smartphone SDK (ARMV4I).ActiveCfg = KeymapDebug|Windows Mobile 5.0 Smartphone SDK (ARMV4I)
		{FA7C094A-179F-42BB-B2DB-25569450592D}.KeymapDebug|Windows Mobile 5.0 Smartphone SDK (ARMV4I).Deploy.0 = KeymapDebug|Windows Mobile 5.0 Smartphone SDK (ARMV4I)
		{FA7C094A-179F-42BB-B2DB-25569450592D}.KeymapDebug|Windows Mobile 6 Professional SDK (ARMV4I).ActiveCfg = KeymapDebug|Windows Mobile 6 Professional SDK (ARMV4I)
		{FA7C094A-179F-42BB-B2DB-25569450592D}.KeymapDebug|Windows Mobile 6 Professional SDK (ARMV4I).Deploy.0 = KeymapDebug|Windows Mobile 6 Professional SDK (ARMV4I)
		{FA7C094A-179F-42BB-B2DB-25569450592D}.KeymapDebug|Windows Mobile 6 Standard SDK (ARMV4I).ActiveCfg = KeymapDebug|Windows Mobile 6 Standard SDK (ARMV4I)
		{FA7C094A-179F-42BB-B2DB-25569450592D}.KeymapDebug|Windows Mobile 6 Standard SDK (ARMV4I).Deploy.0 = KeymapDebug|Windows Mobile 6 Standard SDK (ARMV4I)
		{FA7C094A-179F-42BB-B2DB-25569450592D}.KeymapDebug|Windows Mobile 6.5.3 Professional DTK (ARMV4I).ActiveCfg = KeymapDebug|Windows Mobile 6.5.3 Professional DTK (ARMV4I)
		{FA7C094A-179F-42BB-B2DB-25569450592D}.KeymapDebug|Windows Mobile 6.5.3 Professional DTK (ARMV4I).Deploy.0 = KeymapDebug|Windows Mobile 6.5.3 Professional DTK (ARMV4I)
		{FA7C094A-179F-42BB-B2DB-25569450592D}.KeyMapRelease|Any CPU.ActiveCfg = KeyMapRelease|Windows Mobile 5.0 Smartphone SDK (ARMV4I)
		{FA7C094A-179F-42BB-B2DB-25569450592D}.KeyMapRelease|iCE-Premium (ARMV4I).ActiveCfg = KeyMapRelease|iCE-Premium (ARMV4I)
		{FA7C094A-179F-42BB-B2DB-25569450592D}.KeyMapRelease|iCE-Premium (ARMV4I).Deploy.0 = KeyMapRelease|iCE-Premium (ARMV4I)
		{FA7C094A-179F-42BB-B2DB-25569450592D}.KeyMapRelease|Mixed Platforms.ActiveCfg = KeyMapRelease|Windows Mobile 6.5.3 Professional DTK (ARMV4I)
		{FA7C094A-179F-42BB-B2DB-25569450592D}.KeyMapRelease|Mixed Platforms.Build.0 = KeyMapRelease|Windows Mobile 6.5.3 Professional DTK (ARMV4I)
		{FA7C094A-179F-42BB-B2DB-25569450592D}.KeyMapRelease|Mixed Platforms.Deploy.0 = KeyMapRelease|Windows Mobile 6.5.3 Professional DTK (ARMV4I)
		{FA7C094A-179F-42BB-B2DB-25569450592D}.KeyMapRelease|Pocket PC 2003 (ARMV4).ActiveCfg = KeyMapRelease|Pocket PC 2003 (ARMV4)
		{FA7C094A-179F-42BB-B2DB-25569450592D}.KeyMapRelease|Pocket PC 2003 (ARMV4).Deploy.0 = KeyMapRelease|Pocket PC 2003 (ARMV4)
		{FA7C094A-179F-42BB-B2DB-25569450592D}.KeyMapRelease|Smartphone 2003 (ARMV4).ActiveCfg = KeyMapRelease|Smartphone 2003 (ARMV4)
		{FA7C094A-179F-42BB-B2DB-25569450592D}.KeyMapRelease|Smartphone 2003 (ARMV4).Deploy.0 = KeyMapRelease|Smartphone 2003 (ARMV4)
		{FA7C094A-179F-42BB-B2DB-25569450592D}.KeyMapRelease|STANDARDSDK_420 (ARMV4I).ActiveCfg = KeyMapRelease|STANDARDSDK_420 (ARMV4I)
		{FA7C094A-179F-42BB-B2DB-25569450592D}.KeyMapRelease|STANDARDSDK_420 (ARMV4I).Deploy.0 = KeyMapRelease|STANDARDSDK_420 (ARMV4I)
		{FA7C094A-179F-42BB-B2DB-25569450592D}.KeyMapRelease|STANDARDSDK_500 (ARMV4I).ActiveCfg = KeyMapRelease|STANDARDSDK_500 (ARMV4I)
		{FA7C094A-179F-42BB-B2DB-25569450592D}.KeyMapRelease|STANDARDSDK_500 (ARMV4I).Deploy.0 = KeyMapRelease|STANDARDSDK_500 (ARMV4I)
		{FA7C094A-179F-42BB-B2DB-25569450592D}.KeyMapRelease|Windows Mobile 5.0 Pocket PC SDK (ARMV4I).ActiveCfg = KeyMapRelease|Windows Mobile 5.0 Pocket PC SDK (ARMV4I)
		{FA7C094A-179F-42BB-B2DB-25569450592D}.KeyMapRelease|Windows Mobile 5.0 Pocket PC SDK (ARMV4I).Deploy.0 = KeyMapRelease|Windows Mobile 5.0 Pocket PC SDK (ARMV4I)
		{FA7C094A-179F-42BB-B2DB-25569450592D}.KeyMapRelease|Windows Mobile 5.0 Smartphone SDK (ARMV4I).ActiveCfg = KeyMapRelease|Windows Mobile 5.0 Smartphone SDK (ARMV4I)
		{FA7C094A-179F-42BB-B2DB-25569450592D}.KeyMapRelease|Windows Mobile 5.0 Smartphone SDK (ARMV4I).Deploy.0 = KeyMapRelease|Windows Mobile 5.0 Smartphone SDK (ARMV4I)
		{FA7C094A-179F-42BB-B2DB-25569450592D}.KeyMapRelease|Windows Mobile 6 Professional SDK (ARMV4I).ActiveCfg = KeyMapRelease|Windows Mobile 6 Professional SDK (ARMV4I)
		{FA7C094A-179F-42BB-B2DB-25569450592D}.KeyMapRelease|Windows Mobile 6 Professional SDK (ARMV4I).Deploy.0 = KeyMapRelease|Windows Mobile 6 Professional SDK (ARMV4I)
		{FA7C094A-179F-42BB-B2DB-25569450592D}.KeyMapRelease|Windows Mobile 6 Standard SDK (ARMV4I).ActiveCfg = KeyMapRelease|Windows Mobile 6 Standard SDK (ARMV4I)
		{FA7C094A-179F-42BB-B2DB-25569450592D}.KeyMapRelease|Windows Mobile 6 Standard SDK (ARMV4I).Deploy.0 = KeyMapRelease|Windows Mobile 6 Standard SDK (ARMV4I)
		{FA7C094A-179F-42BB-B2DB-25569450592D}.KeyMapRelease|Windows Mobile 6.5.3 Professional DTK (ARMV4I).ActiveCfg = KeyMapRelease|Windows Mobile 6.5.3 Professional DTK (ARMV4I)
		{FA7C094A-179F-42BB-B2DB-25569450592D}.KeyMapRelease|Windows Mobile 6.5.3 Professional DTK (ARMV4I).Deploy.0 = KeyMapRelease|Windows Mobile 6.5.3 Professional DTK (ARMV4I)
		{FA7C094A-179F-42BB-B2DB-25569450592D}.Release|Any CPU.ActiveCfg = Release|Windows Mobile 5.0 Smartphone SDK (ARMV4I)
		{FA7C094A-179F-42BB-B2DB-25569450592D}.Release|iCE-Premium (ARMV4I).ActiveCfg = Release|iCE-Premium (ARMV4I)
		{FA7C094A-179F-42BB-B2DB-25569450592D}.Release|iCE-Premium (ARMV4I).Build.0 = Release|iCE-Premium (ARMV4I)
		{FA7C094A-179F-42BB-B2DB-25569450592D}.Release|iCE-Premium (ARMV4I).Deploy.0 = Release|iCE-Premium (ARMV4I)
		{FA7C094A-179F-42BB-B2DB-25569450592D}.Release|Mixed Platforms.ActiveCfg = Release|Windows Mobile 5.0 Smartphone SDK (ARMV4I)
		{FA7C094A-179F-42BB-B2DB-25569450592D}.Release|Pocket PC 2003 (ARMV4).ActiveCfg = Release|Pocket PC 2003 (ARMV4)
		{FA7C094A-179F-42BB-B2DB-25569450592D}.Release|Pocket PC 2003 (ARMV4).Build.0 = Release|Pocket PC 2003 (ARMV4)
		{FA7C094A-179F-42BB-B2DB-25569450592D}.Release|Pocket PC 2003 (ARMV4).Deploy.0 = Release|Pocket PC 2003 (ARMV4)
		{FA7C094A-179F-42BB-B2DB-25569450592D}.Release|Smartphone 2003 (ARMV4).ActiveCfg = Release|Smartphone 2003 (ARMV4)
		{FA7C094A-179F-42BB-B2DB-25569450592D}.Release|Smartphone 2003 (ARMV4).Build.0 = Release|Smartphone 2003 (ARMV4)
		{FA7C094A-179F-42BB-B2DB-25569450592D}.Release|Smartphone 2003 (ARMV4).Deploy.0 = Release|Smartphone 2003 (ARMV4)
		{FA7C094A-179F-42BB-B2DB-25569450592D}.Release|STANDARDSDK_420 (ARMV4I).ActiveCfg = Release|STANDARDSDK_420 (ARMV4I)
		{FA7C094A-179F-42BB-B2DB-25569450592D}.Release|STANDARDSDK_420 (ARMV4I).Build.0 = Release|STANDARDSDK_420 (ARMV4I)
		{FA7C094A-179F-42BB-B2DB-25569450592D}.Release|STANDARDSDK_420 (ARMV4I).Deploy.0 = Release|STANDARDSDK_420 (ARMV4I)
		{FA7C094A-179F-42BB-B2DB-25569450592D}.Release|STANDARDSDK_500 (ARMV4I).ActiveCfg = Release|STANDARDSDK_500 (ARMV4I)
		{FA7C094A-179F-42BB-B2DB-25569450592D}.Release|STANDARDSDK_500 (ARMV4I).Build.0 = Release|STANDARDSDK_500 (ARMV4I)
		{FA7C094A-179F-42BB-B2DB-25569450592D}.Release|STANDARDSDK_500 (ARMV4I).Deploy.0 = Release|STANDARDSDK_500 (ARMV4I)
		{FA7C094A-179F-42BB-B2DB-25569450592D}.Release|Windows Mobile 5.0 Pocket PC SDK (ARMV4I).ActiveCfg = Release|Windows Mobile 5.0 Pocket PC SDK (ARMV4I)
		{FA7C094A-179F-42BB-B2DB-25569450592D}.Release|Windows Mobile 5.0 Pocket PC SDK (ARMV4I).Build.0 = Release|Windows Mobile 5.0 Pocket PC SDK (ARMV4I)
		{FA7C094A-179F-42BB-B2DB-25569450592D}.Release|Windows Mobile 5.0 Pocket PC SDK (ARMV4I).Deploy.0 = Release|Windows Mobile 5.0 Pocket PC SDK (ARMV4I)
		{FA7C094A-179F-42BB-B2DB-25569450592D}.Release|Windows Mobile 5.0 Smartphone SDK (ARMV4I).ActiveCfg = Release|Windows Mobile 5.0 Smartphone SDK (ARMV4I)
		{FA7C094A-179F-42BB-B2DB-25569450592D}.Release|Windows Mobile 5.0 Smartphone SDK (ARMV4I).Build.0 = Release|Windows Mobile 5.0 Smartphone SDK (ARMV4I)
		{FA7C094A-179F-42BB-B2DB-25569450592D}.Release|Windows Mobile 5.0 Smartphone SDK (ARMV4I).Deploy.0 = Release|Windows Mobile 5.0 Smartphone SDK (ARMV4I)
		{FA7C094A-179F-42BB-B2DB-25569450592D}.Release|Windows Mobile 6 Professional SDK (ARMV4I).ActiveCfg = Release|Windows Mobile 6 Professional SDK (ARMV4I)
		{FA7C094A-179F-42BB-B2DB-25569450592D}.Release|Windows Mobile 6 Professional SDK (ARMV4I).Build.0 = Release|Windows Mobile 6 Professional SDK (ARMV4I)
		{FA7C094A-179F-42BB-B2DB-25569450592D}.Release|Windows Mobile 6 Professional SDK (ARMV4I).Deploy.0 = Release|Windows Mobile 6 Professional SDK (ARMV4I)
		{FA7C094A-179F-42BB-B2DB-25569450592D}.Release|Windows Mobile 6 Standard SDK (ARMV4I).ActiveCfg = Release|Windows Mobile 6 Standard SDK (ARMV4I)
		{FA7C094A-179F-42BB-B2DB-25569450592D}.Release|Windows Mobile 6 Standard SDK (ARMV4I).Build.0 = Release|Windows Mobile 6 Standard SDK (ARMV4I)
		{FA7C094A-179F-42BB-B2DB-25569450592D}.Release|Windows Mobile 6 Standard SDK (ARMV4I).Deploy.0 = Release|Windows Mobile 6 Standard SDK (ARMV4I)
		{FA7C094A-179F-42BB-B2DB-25569450592D}.Release|Windows Mobile 6.5.3 Professional DTK (ARMV4I).ActiveCfg = Release|Windows Mobile 6.5.3 Professional DTK (ARMV4I)
		{FA7C094A-179F-42BB-B2DB-25569450592D}.Release|Windows Mobile 6.5.3 Professional DTK (ARMV4I).Build.0 = Release|Windows Mobile 6.5.3 Professional DTK (ARMV4I)
		{FA7C094A-179F-42BB-B2DB-25569450592D}.Release|Windows Mobile 6.5.3 Professional DTK (ARMV4I).Deploy.0 = Release|Windows Mobile 6.5.3 Professional DTK (ARMV4I)
	EndGlobalSection
	GlobalSection(SolutionProperties) = preSolution
		HideSolutionNode = FALSE
	EndGlobalSection
EndGlobal
